// !$*UTF8*$!
{
	archiveVersion = 1;
	classes = {
	};
	objectVersion = 56;
	objects = {

/* Begin PBXBuildFile section */
		0C0D19F02944124D007CD72D /* WordView.swift in Sources */ = {isa = PBXBuildFile; fileRef = 0C0D19EF2944124D007CD72D /* WordView.swift */; };
		0C0D19F329441627007CD72D /* kaiu.ttf in Resources */ = {isa = PBXBuildFile; fileRef = 0C0D19F229441471007CD72D /* kaiu.ttf */; };
		0C0D19F429441628007CD72D /* kaiu.ttf in Resources */ = {isa = PBXBuildFile; fileRef = 0C0D19F229441471007CD72D /* kaiu.ttf */; };
		0C1D655729342177000E667A /* ChineseWordOfTheDayApp.swift in Sources */ = {isa = PBXBuildFile; fileRef = 0C88C05B2932EA0F00E17C26 /* ChineseWordOfTheDayApp.swift */; };
		0C29EA67293C48BB00F2C0A7 /* FMDB in Frameworks */ = {isa = PBXBuildFile; productRef = 0C29EA66293C48BB00F2C0A7 /* FMDB */; };
		0C29EA772942BD9200F2C0A7 /* FMDB in Frameworks */ = {isa = PBXBuildFile; productRef = 0C29EA762942BD9200F2C0A7 /* FMDB */; };
		0C88C0602932EA1000E17C26 /* Assets.xcassets in Resources */ = {isa = PBXBuildFile; fileRef = 0C88C05F2932EA1000E17C26 /* Assets.xcassets */; };
		0C88C0632932EA1000E17C26 /* Preview Assets.xcassets in Resources */ = {isa = PBXBuildFile; fileRef = 0C88C0622932EA1000E17C26 /* Preview Assets.xcassets */; };
		0C9DB900299DB8D100E6D4F9 /* SwiftCSV in Frameworks */ = {isa = PBXBuildFile; productRef = 0C9DB8FF299DB8D100E6D4F9 /* SwiftCSV */; };
		0CADBC6E299C324F00A805DD /* DataController.swift in Sources */ = {isa = PBXBuildFile; fileRef = 0CADBC6D299C324F00A805DD /* DataController.swift */; };
		0CADBC71299C35AE00A805DD /* WordOfTheDay.xcdatamodeld in Sources */ = {isa = PBXBuildFile; fileRef = 0CADBC6F299C35AE00A805DD /* WordOfTheDay.xcdatamodeld */; };
		0CADBC73299C365D00A805DD /* TodaysWord.swift in Sources */ = {isa = PBXBuildFile; fileRef = 0CADBC72299C365D00A805DD /* TodaysWord.swift */; };
		0CADBC75299C61F000A805DD /* pos_and_frequency.csv in Resources */ = {isa = PBXBuildFile; fileRef = 0CADBC74299C61F000A805DD /* pos_and_frequency.csv */; };
		0CB207D6293AD56D0066AC21 /* WidgetKit.framework in Frameworks */ = {isa = PBXBuildFile; fileRef = 0CB207D5293AD56D0066AC21 /* WidgetKit.framework */; };
		0CB207D8293AD56D0066AC21 /* SwiftUI.framework in Frameworks */ = {isa = PBXBuildFile; fileRef = 0CB207D7293AD56D0066AC21 /* SwiftUI.framework */; };
		0CB207DB293AD56D0066AC21 /* wordOfDayWidget.swift in Sources */ = {isa = PBXBuildFile; fileRef = 0CB207DA293AD56D0066AC21 /* wordOfDayWidget.swift */; };
		0CB207DE293AD56E0066AC21 /* Assets.xcassets in Resources */ = {isa = PBXBuildFile; fileRef = 0CB207DD293AD56E0066AC21 /* Assets.xcassets */; };
		0CB207E0293AD56E0066AC21 /* wordOfDayWidget.intentdefinition in Sources */ = {isa = PBXBuildFile; fileRef = 0CB207DC293AD56D0066AC21 /* wordOfDayWidget.intentdefinition */; };
		0CB207E1293AD56E0066AC21 /* wordOfDayWidget.intentdefinition in Sources */ = {isa = PBXBuildFile; fileRef = 0CB207DC293AD56D0066AC21 /* wordOfDayWidget.intentdefinition */; };
		0CB207E5293AD56E0066AC21 /* wordOfDayWidgetExtension.appex in Embed Foundation Extensions */ = {isa = PBXBuildFile; fileRef = 0CB207D3293AD56D0066AC21 /* wordOfDayWidgetExtension.appex */; settings = {ATTRIBUTES = (RemoveHeadersOnCopy, ); }; };
		0CB5FE05294D3B7400DED7D8 /* WordView.swift in Sources */ = {isa = PBXBuildFile; fileRef = 0C0D19EF2944124D007CD72D /* WordView.swift */; };
		0CB5FE0D294D3C0300DED7D8 /* RefreshManagerUnitTests.swift in Sources */ = {isa = PBXBuildFile; fileRef = 0CB5FE0C294D3C0300DED7D8 /* RefreshManagerUnitTests.swift */; };
		0CB5FE13294D3C2000DED7D8 /* RefreshManager.swift in Sources */ = {isa = PBXBuildFile; fileRef = 0CB5FDF82947DF0900DED7D8 /* RefreshManager.swift */; };
		0CC0E78529B7B3B0005C3ED4 /* WordOfTheDay.xcdatamodeld in Sources */ = {isa = PBXBuildFile; fileRef = 0CADBC6F299C35AE00A805DD /* WordOfTheDay.xcdatamodeld */; };
		0CC0E78629B7B462005C3ED4 /* RefreshManager.swift in Sources */ = {isa = PBXBuildFile; fileRef = 0CB5FDF82947DF0900DED7D8 /* RefreshManager.swift */; };
		0CC0E78729BA4409005C3ED4 /* pos_and_frequency.csv in Resources */ = {isa = PBXBuildFile; fileRef = 0CADBC74299C61F000A805DD /* pos_and_frequency.csv */; };
		0CD75FFC29A7E84D0078853D /* AppIcon.appiconset in Resources */ = {isa = PBXBuildFile; fileRef = 0CD75FFB29A7E84D0078853D /* AppIcon.appiconset */; };
		0CD75FFD29A7E84D0078853D /* AppIcon.appiconset in Resources */ = {isa = PBXBuildFile; fileRef = 0CD75FFB29A7E84D0078853D /* AppIcon.appiconset */; };
		0CD75FFE29B02D840078853D /* DataController.swift in Sources */ = {isa = PBXBuildFile; fileRef = 0CADBC6D299C324F00A805DD /* DataController.swift */; };
		0CD75FFF29B02DC40078853D /* WordOfTheDay.xcdatamodeld in Sources */ = {isa = PBXBuildFile; fileRef = 0CADBC6F299C35AE00A805DD /* WordOfTheDay.xcdatamodeld */; };
		0CD7600129B02F2D0078853D /* SwiftCSV in Frameworks */ = {isa = PBXBuildFile; productRef = 0CD7600029B02F2D0078853D /* SwiftCSV */; };
/* End PBXBuildFile section */

/* Begin PBXContainerItemProxy section */
		0CB207E2293AD56E0066AC21 /* PBXContainerItemProxy */ = {
			isa = PBXContainerItemProxy;
			containerPortal = 0C88C0502932EA0E00E17C26 /* Project object */;
			proxyType = 1;
			remoteGlobalIDString = 0CB207D2293AD56D0066AC21;
			remoteInfo = wordOfDayWidgetExtension;
		};
		0CB5FE0E294D3C0300DED7D8 /* PBXContainerItemProxy */ = {
			isa = PBXContainerItemProxy;
			containerPortal = 0C88C0502932EA0E00E17C26 /* Project object */;
			proxyType = 1;
			remoteGlobalIDString = 0C88C0572932EA0E00E17C26;
			remoteInfo = ChineseWordOfTheDay;
		};
/* End PBXContainerItemProxy section */

/* Begin PBXCopyFilesBuildPhase section */
		0CB207E4293AD56E0066AC21 /* Embed Foundation Extensions */ = {
			isa = PBXCopyFilesBuildPhase;
			buildActionMask = 2147483647;
			dstPath = "";
			dstSubfolderSpec = 13;
			files = (
				0CB207E5293AD56E0066AC21 /* wordOfDayWidgetExtension.appex in Embed Foundation Extensions */,
			);
			name = "Embed Foundation Extensions";
			runOnlyForDeploymentPostprocessing = 0;
		};
/* End PBXCopyFilesBuildPhase section */

/* Begin PBXFileReference section */
		0C0D19EF2944124D007CD72D /* WordView.swift */ = {isa = PBXFileReference; lastKnownFileType = sourcecode.swift; path = WordView.swift; sourceTree = "<group>"; };
		0C0D19F229441471007CD72D /* kaiu.ttf */ = {isa = PBXFileReference; lastKnownFileType = file; path = kaiu.ttf; sourceTree = "<group>"; };
		0C29EA68293C4E1D00F2C0A7 /* fmdb-bridging-header.h */ = {isa = PBXFileReference; lastKnownFileType = sourcecode.c.h; path = "fmdb-bridging-header.h"; sourceTree = "<group>"; };
		0C29EA7D2943F02C00F2C0A7 /* ChineseWordOfTheDay.entitlements */ = {isa = PBXFileReference; lastKnownFileType = text.plist.entitlements; path = ChineseWordOfTheDay.entitlements; sourceTree = "<group>"; };
		0C29EA7E2943F2D700F2C0A7 /* wordOfDayWidgetExtension.entitlements */ = {isa = PBXFileReference; lastKnownFileType = text.plist.entitlements; path = wordOfDayWidgetExtension.entitlements; sourceTree = "<group>"; };
		0C88C0582932EA0E00E17C26 /* ChineseWordOfTheDay.app */ = {isa = PBXFileReference; explicitFileType = wrapper.application; includeInIndex = 0; path = ChineseWordOfTheDay.app; sourceTree = BUILT_PRODUCTS_DIR; };
		0C88C05B2932EA0F00E17C26 /* ChineseWordOfTheDayApp.swift */ = {isa = PBXFileReference; lastKnownFileType = sourcecode.swift; path = ChineseWordOfTheDayApp.swift; sourceTree = "<group>"; };
		0C88C05F2932EA1000E17C26 /* Assets.xcassets */ = {isa = PBXFileReference; lastKnownFileType = folder.assetcatalog; path = Assets.xcassets; sourceTree = "<group>"; };
		0C88C0622932EA1000E17C26 /* Preview Assets.xcassets */ = {isa = PBXFileReference; lastKnownFileType = folder.assetcatalog; path = "Preview Assets.xcassets"; sourceTree = "<group>"; };
		0CADBC6D299C324F00A805DD /* DataController.swift */ = {isa = PBXFileReference; lastKnownFileType = sourcecode.swift; path = DataController.swift; sourceTree = "<group>"; };
		0CADBC70299C35AE00A805DD /* Model.xcdatamodel */ = {isa = PBXFileReference; lastKnownFileType = wrapper.xcdatamodel; path = Model.xcdatamodel; sourceTree = "<group>"; };
		0CADBC72299C365D00A805DD /* TodaysWord.swift */ = {isa = PBXFileReference; lastKnownFileType = sourcecode.swift; path = TodaysWord.swift; sourceTree = "<group>"; };
		0CADBC74299C61F000A805DD /* pos_and_frequency.csv */ = {isa = PBXFileReference; fileEncoding = 4; lastKnownFileType = text; path = pos_and_frequency.csv; sourceTree = "<group>"; };
		0CB207D3293AD56D0066AC21 /* wordOfDayWidgetExtension.appex */ = {isa = PBXFileReference; explicitFileType = "wrapper.app-extension"; includeInIndex = 0; path = wordOfDayWidgetExtension.appex; sourceTree = BUILT_PRODUCTS_DIR; };
		0CB207D5293AD56D0066AC21 /* WidgetKit.framework */ = {isa = PBXFileReference; lastKnownFileType = wrapper.framework; name = WidgetKit.framework; path = System/Library/Frameworks/WidgetKit.framework; sourceTree = SDKROOT; };
		0CB207D7293AD56D0066AC21 /* SwiftUI.framework */ = {isa = PBXFileReference; lastKnownFileType = wrapper.framework; name = SwiftUI.framework; path = System/Library/Frameworks/SwiftUI.framework; sourceTree = SDKROOT; };
		0CB207DA293AD56D0066AC21 /* wordOfDayWidget.swift */ = {isa = PBXFileReference; lastKnownFileType = sourcecode.swift; path = wordOfDayWidget.swift; sourceTree = "<group>"; };
		0CB207DC293AD56D0066AC21 /* wordOfDayWidget.intentdefinition */ = {isa = PBXFileReference; lastKnownFileType = file.intentdefinition; path = wordOfDayWidget.intentdefinition; sourceTree = "<group>"; };
		0CB207DD293AD56E0066AC21 /* Assets.xcassets */ = {isa = PBXFileReference; lastKnownFileType = folder.assetcatalog; path = Assets.xcassets; sourceTree = "<group>"; };
		0CB207DF293AD56E0066AC21 /* Info.plist */ = {isa = PBXFileReference; lastKnownFileType = text.plist.xml; path = Info.plist; sourceTree = "<group>"; };
		0CB5FDF82947DF0900DED7D8 /* RefreshManager.swift */ = {isa = PBXFileReference; lastKnownFileType = sourcecode.swift; path = RefreshManager.swift; sourceTree = "<group>"; };
		0CB5FE0A294D3C0200DED7D8 /* RefreshManagerUnitTests.xctest */ = {isa = PBXFileReference; explicitFileType = wrapper.cfbundle; includeInIndex = 0; path = RefreshManagerUnitTests.xctest; sourceTree = BUILT_PRODUCTS_DIR; };
		0CB5FE0C294D3C0300DED7D8 /* RefreshManagerUnitTests.swift */ = {isa = PBXFileReference; lastKnownFileType = sourcecode.swift; path = RefreshManagerUnitTests.swift; sourceTree = "<group>"; };
		0CD75FFB29A7E84D0078853D /* AppIcon.appiconset */ = {isa = PBXFileReference; lastKnownFileType = folder; path = AppIcon.appiconset; sourceTree = "<group>"; };
/* End PBXFileReference section */

/* Begin PBXFrameworksBuildPhase section */
		0C1D655229342164000E667A /* Frameworks */ = {
			isa = PBXFrameworksBuildPhase;
			buildActionMask = 2147483647;
			files = (
				0C29EA67293C48BB00F2C0A7 /* FMDB in Frameworks */,
				0C9DB900299DB8D100E6D4F9 /* SwiftCSV in Frameworks */,
			);
			runOnlyForDeploymentPostprocessing = 0;
		};
		0CB207D0293AD56D0066AC21 /* Frameworks */ = {
			isa = PBXFrameworksBuildPhase;
			buildActionMask = 2147483647;
			files = (
				0CB207D8293AD56D0066AC21 /* SwiftUI.framework in Frameworks */,
				0CD7600129B02F2D0078853D /* SwiftCSV in Frameworks */,
				0C29EA772942BD9200F2C0A7 /* FMDB in Frameworks */,
				0CB207D6293AD56D0066AC21 /* WidgetKit.framework in Frameworks */,
			);
			runOnlyForDeploymentPostprocessing = 0;
		};
		0CB5FE07294D3C0200DED7D8 /* Frameworks */ = {
			isa = PBXFrameworksBuildPhase;
			buildActionMask = 2147483647;
			files = (
			);
			runOnlyForDeploymentPostprocessing = 0;
		};
/* End PBXFrameworksBuildPhase section */

/* Begin PBXGroup section */
		0C0D19E729440FCD007CD72D /* ProjectFonts */ = {
			isa = PBXGroup;
			children = (
				0C0D19F229441471007CD72D /* kaiu.ttf */,
			);
			path = ProjectFonts;
			sourceTree = "<group>";
		};
		0C0D19EB2944106D007CD72D /* BridgingHeaders */ = {
			isa = PBXGroup;
			children = (
				0C29EA68293C4E1D00F2C0A7 /* fmdb-bridging-header.h */,
			);
			path = BridgingHeaders;
			sourceTree = "<group>";
		};
		0C0D19F5294429FB007CD72D /* Views */ = {
			isa = PBXGroup;
			children = (
				0C88C05B2932EA0F00E17C26 /* ChineseWordOfTheDayApp.swift */,
				0CADBC72299C365D00A805DD /* TodaysWord.swift */,
				0C0D19EF2944124D007CD72D /* WordView.swift */,
			);
			path = Views;
			sourceTree = "<group>";
		};
		0C0D19F629442A22007CD72D /* Model */ = {
			isa = PBXGroup;
			children = (
				0CADBC6F299C35AE00A805DD /* WordOfTheDay.xcdatamodeld */,
				0CB5FDF82947DF0900DED7D8 /* RefreshManager.swift */,
				0CADBC6D299C324F00A805DD /* DataController.swift */,
			);
			path = Model;
			sourceTree = "<group>";
		};
		0C88C04F2932EA0E00E17C26 = {
			isa = PBXGroup;
			children = (
				0C29EA7E2943F2D700F2C0A7 /* wordOfDayWidgetExtension.entitlements */,
				0CB795312953E432003CEE73 /* Resources */,
				0C0D19EB2944106D007CD72D /* BridgingHeaders */,
				0C88C05A2932EA0E00E17C26 /* ChineseWordOfTheDay */,
				0CB207D9293AD56D0066AC21 /* WordOfDayWidget */,
				0CB5FE0B294D3C0300DED7D8 /* RefreshManagerUnitTests */,
				0CB207D4293AD56D0066AC21 /* Frameworks */,
				0C88C0592932EA0E00E17C26 /* Products */,
			);
			sourceTree = "<group>";
		};
		0C88C0592932EA0E00E17C26 /* Products */ = {
			isa = PBXGroup;
			children = (
				0C88C0582932EA0E00E17C26 /* ChineseWordOfTheDay.app */,
				0CB207D3293AD56D0066AC21 /* wordOfDayWidgetExtension.appex */,
				0CB5FE0A294D3C0200DED7D8 /* RefreshManagerUnitTests.xctest */,
			);
			name = Products;
			sourceTree = "<group>";
		};
		0C88C05A2932EA0E00E17C26 /* ChineseWordOfTheDay */ = {
			isa = PBXGroup;
			children = (
				0C0D19F629442A22007CD72D /* Model */,
				0C0D19F5294429FB007CD72D /* Views */,
				0C29EA7D2943F02C00F2C0A7 /* ChineseWordOfTheDay.entitlements */,
				0C88C05F2932EA1000E17C26 /* Assets.xcassets */,
				0CD75FFB29A7E84D0078853D /* AppIcon.appiconset */,
				0C88C0612932EA1000E17C26 /* Preview Content */,
			);
			path = ChineseWordOfTheDay;
			sourceTree = "<group>";
		};
		0C88C0612932EA1000E17C26 /* Preview Content */ = {
			isa = PBXGroup;
			children = (
				0C88C0622932EA1000E17C26 /* Preview Assets.xcassets */,
			);
			path = "Preview Content";
			sourceTree = "<group>";
		};
		0CB207D4293AD56D0066AC21 /* Frameworks */ = {
			isa = PBXGroup;
			children = (
				0CB207D5293AD56D0066AC21 /* WidgetKit.framework */,
				0CB207D7293AD56D0066AC21 /* SwiftUI.framework */,
			);
			name = Frameworks;
			sourceTree = "<group>";
		};
		0CB207D9293AD56D0066AC21 /* WordOfDayWidget */ = {
			isa = PBXGroup;
			children = (
				0CB207DA293AD56D0066AC21 /* wordOfDayWidget.swift */,
				0CB207DC293AD56D0066AC21 /* wordOfDayWidget.intentdefinition */,
				0CB207DD293AD56E0066AC21 /* Assets.xcassets */,
				0CB207DF293AD56E0066AC21 /* Info.plist */,
			);
			path = WordOfDayWidget;
			sourceTree = "<group>";
		};
		0CB5FE0B294D3C0300DED7D8 /* RefreshManagerUnitTests */ = {
			isa = PBXGroup;
			children = (
				0CB5FE0C294D3C0300DED7D8 /* RefreshManagerUnitTests.swift */,
			);
			path = RefreshManagerUnitTests;
			sourceTree = "<group>";
		};
		0CB795312953E432003CEE73 /* Resources */ = {
			isa = PBXGroup;
			children = (
				0CADBC74299C61F000A805DD /* pos_and_frequency.csv */,
				0C0D19E729440FCD007CD72D /* ProjectFonts */,
			);
			path = Resources;
			sourceTree = "<group>";
		};
/* End PBXGroup section */

/* Begin PBXNativeTarget section */
		0C88C0572932EA0E00E17C26 /* ChineseWordOfTheDay */ = {
			isa = PBXNativeTarget;
			buildConfigurationList = 0C88C07C2932EA1000E17C26 /* Build configuration list for PBXNativeTarget "ChineseWordOfTheDay" */;
			buildPhases = (
				0C1D65512934215F000E667A /* Sources */,
				0C1D655229342164000E667A /* Frameworks */,
				0C88C0562932EA0E00E17C26 /* Resources */,
				0CB207E4293AD56E0066AC21 /* Embed Foundation Extensions */,
			);
			buildRules = (
			);
			dependencies = (
				0CB207E3293AD56E0066AC21 /* PBXTargetDependency */,
			);
			name = ChineseWordOfTheDay;
			packageProductDependencies = (
				0C29EA66293C48BB00F2C0A7 /* FMDB */,
				0C9DB8FF299DB8D100E6D4F9 /* SwiftCSV */,
			);
			productName = ChineseWordOfTheDay;
			productReference = 0C88C0582932EA0E00E17C26 /* ChineseWordOfTheDay.app */;
			productType = "com.apple.product-type.application";
		};
		0CB207D2293AD56D0066AC21 /* wordOfDayWidgetExtension */ = {
			isa = PBXNativeTarget;
			buildConfigurationList = 0CB207E8293AD56E0066AC21 /* Build configuration list for PBXNativeTarget "wordOfDayWidgetExtension" */;
			buildPhases = (
				0CB207CF293AD56D0066AC21 /* Sources */,
				0CB207D0293AD56D0066AC21 /* Frameworks */,
				0CB207D1293AD56D0066AC21 /* Resources */,
			);
			buildRules = (
			);
			dependencies = (
			);
			name = wordOfDayWidgetExtension;
			packageProductDependencies = (
				0C29EA762942BD9200F2C0A7 /* FMDB */,
				0CD7600029B02F2D0078853D /* SwiftCSV */,
			);
			productName = wordOfDayWidgetExtension;
			productReference = 0CB207D3293AD56D0066AC21 /* wordOfDayWidgetExtension.appex */;
			productType = "com.apple.product-type.app-extension";
		};
		0CB5FE09294D3C0200DED7D8 /* RefreshManagerUnitTests */ = {
			isa = PBXNativeTarget;
			buildConfigurationList = 0CB5FE10294D3C0300DED7D8 /* Build configuration list for PBXNativeTarget "RefreshManagerUnitTests" */;
			buildPhases = (
				0CB5FE06294D3C0200DED7D8 /* Sources */,
				0CB5FE07294D3C0200DED7D8 /* Frameworks */,
				0CB5FE08294D3C0200DED7D8 /* Resources */,
			);
			buildRules = (
			);
			dependencies = (
				0CB5FE0F294D3C0300DED7D8 /* PBXTargetDependency */,
			);
			name = RefreshManagerUnitTests;
			productName = RefreshManagerUnitTests;
			productReference = 0CB5FE0A294D3C0200DED7D8 /* RefreshManagerUnitTests.xctest */;
			productType = "com.apple.product-type.bundle.unit-test";
		};
/* End PBXNativeTarget section */

/* Begin PBXProject section */
		0C88C0502932EA0E00E17C26 /* Project object */ = {
			isa = PBXProject;
			attributes = {
				BuildIndependentTargetsInParallel = 1;
				LastSwiftUpdateCheck = 1400;
				LastUpgradeCheck = 1400;
				TargetAttributes = {
					0C88C0572932EA0E00E17C26 = {
						CreatedOnToolsVersion = 14.0;
					};
					0CB207D2293AD56D0066AC21 = {
						CreatedOnToolsVersion = 14.0;
					};
					0CB5FE09294D3C0200DED7D8 = {
						CreatedOnToolsVersion = 14.0;
						TestTargetID = 0C88C0572932EA0E00E17C26;
					};
				};
			};
			buildConfigurationList = 0C88C0532932EA0E00E17C26 /* Build configuration list for PBXProject "ChineseWordOfTheDay" */;
			compatibilityVersion = "Xcode 14.0";
			developmentRegion = en;
			hasScannedForEncodings = 0;
			knownRegions = (
				en,
				Base,
			);
			mainGroup = 0C88C04F2932EA0E00E17C26;
			packageReferences = (
				0C29EA65293C48BB00F2C0A7 /* XCRemoteSwiftPackageReference "fmdb" */,
				0C9DB8FE299DB8D100E6D4F9 /* XCRemoteSwiftPackageReference "SwiftCSV" */,
			);
			productRefGroup = 0C88C0592932EA0E00E17C26 /* Products */;
			projectDirPath = "";
			projectRoot = "";
			targets = (
				0C88C0572932EA0E00E17C26 /* ChineseWordOfTheDay */,
				0CB207D2293AD56D0066AC21 /* wordOfDayWidgetExtension */,
				0CB5FE09294D3C0200DED7D8 /* RefreshManagerUnitTests */,
			);
		};
/* End PBXProject section */

/* Begin PBXResourcesBuildPhase section */
		0C88C0562932EA0E00E17C26 /* Resources */ = {
			isa = PBXResourcesBuildPhase;
			buildActionMask = 2147483647;
			files = (
				0C88C0632932EA1000E17C26 /* Preview Assets.xcassets in Resources */,
				0C88C0602932EA1000E17C26 /* Assets.xcassets in Resources */,
				0CADBC75299C61F000A805DD /* pos_and_frequency.csv in Resources */,
				0C0D19F329441627007CD72D /* kaiu.ttf in Resources */,
				0CD75FFC29A7E84D0078853D /* AppIcon.appiconset in Resources */,
			);
			runOnlyForDeploymentPostprocessing = 0;
		};
		0CB207D1293AD56D0066AC21 /* Resources */ = {
			isa = PBXResourcesBuildPhase;
			buildActionMask = 2147483647;
			files = (
				0CC0E78729BA4409005C3ED4 /* pos_and_frequency.csv in Resources */,
				0CD75FFD29A7E84D0078853D /* AppIcon.appiconset in Resources */,
				0C0D19F429441628007CD72D /* kaiu.ttf in Resources */,
				0CB207DE293AD56E0066AC21 /* Assets.xcassets in Resources */,
			);
			runOnlyForDeploymentPostprocessing = 0;
		};
		0CB5FE08294D3C0200DED7D8 /* Resources */ = {
			isa = PBXResourcesBuildPhase;
			buildActionMask = 2147483647;
			files = (
			);
			runOnlyForDeploymentPostprocessing = 0;
		};
/* End PBXResourcesBuildPhase section */

/* Begin PBXSourcesBuildPhase section */
		0C1D65512934215F000E667A /* Sources */ = {
			isa = PBXSourcesBuildPhase;
			buildActionMask = 2147483647;
			files = (
				0C0D19F02944124D007CD72D /* WordView.swift in Sources */,
				0CADBC6E299C324F00A805DD /* DataController.swift in Sources */,
				0CB207E1293AD56E0066AC21 /* wordOfDayWidget.intentdefinition in Sources */,
				0CADBC71299C35AE00A805DD /* WordOfTheDay.xcdatamodeld in Sources */,
				0C1D655729342177000E667A /* ChineseWordOfTheDayApp.swift in Sources */,
				0CADBC73299C365D00A805DD /* TodaysWord.swift in Sources */,
				0CC0E78629B7B462005C3ED4 /* RefreshManager.swift in Sources */,
			);
			runOnlyForDeploymentPostprocessing = 0;
		};
		0CB207CF293AD56D0066AC21 /* Sources */ = {
			isa = PBXSourcesBuildPhase;
			buildActionMask = 2147483647;
			files = (
				0CD75FFF29B02DC40078853D /* WordOfTheDay.xcdatamodeld in Sources */,
				0CD75FFE29B02D840078853D /* DataController.swift in Sources */,
				0CB207E0293AD56E0066AC21 /* wordOfDayWidget.intentdefinition in Sources */,
				0CB5FE05294D3B7400DED7D8 /* WordView.swift in Sources */,
				0CB207DB293AD56D0066AC21 /* wordOfDayWidget.swift in Sources */,
			);
			runOnlyForDeploymentPostprocessing = 0;
		};
		0CB5FE06294D3C0200DED7D8 /* Sources */ = {
			isa = PBXSourcesBuildPhase;
			buildActionMask = 2147483647;
			files = (
				0CB5FE0D294D3C0300DED7D8 /* RefreshManagerUnitTests.swift in Sources */,
				0CB5FE13294D3C2000DED7D8 /* RefreshManager.swift in Sources */,
				0CC0E78529B7B3B0005C3ED4 /* WordOfTheDay.xcdatamodeld in Sources */,
			);
			runOnlyForDeploymentPostprocessing = 0;
		};
/* End PBXSourcesBuildPhase section */

/* Begin PBXTargetDependency section */
		0CB207E3293AD56E0066AC21 /* PBXTargetDependency */ = {
			isa = PBXTargetDependency;
			target = 0CB207D2293AD56D0066AC21 /* wordOfDayWidgetExtension */;
			targetProxy = 0CB207E2293AD56E0066AC21 /* PBXContainerItemProxy */;
		};
		0CB5FE0F294D3C0300DED7D8 /* PBXTargetDependency */ = {
			isa = PBXTargetDependency;
			target = 0C88C0572932EA0E00E17C26 /* ChineseWordOfTheDay */;
			targetProxy = 0CB5FE0E294D3C0300DED7D8 /* PBXContainerItemProxy */;
		};
/* End PBXTargetDependency section */

/* Begin XCBuildConfiguration section */
		0C88C07A2932EA1000E17C26 /* Debug */ = {
			isa = XCBuildConfiguration;
			buildSettings = {
				ALWAYS_SEARCH_USER_PATHS = NO;
				CLANG_ANALYZER_NONNULL = YES;
				CLANG_ANALYZER_NUMBER_OBJECT_CONVERSION = YES_AGGRESSIVE;
				CLANG_CXX_LANGUAGE_STANDARD = "gnu++20";
				CLANG_ENABLE_MODULES = YES;
				CLANG_ENABLE_OBJC_ARC = YES;
				CLANG_ENABLE_OBJC_WEAK = YES;
				CLANG_WARN_BLOCK_CAPTURE_AUTORELEASING = YES;
				CLANG_WARN_BOOL_CONVERSION = YES;
				CLANG_WARN_COMMA = YES;
				CLANG_WARN_CONSTANT_CONVERSION = YES;
				CLANG_WARN_DEPRECATED_OBJC_IMPLEMENTATIONS = YES;
				CLANG_WARN_DIRECT_OBJC_ISA_USAGE = YES_ERROR;
				CLANG_WARN_DOCUMENTATION_COMMENTS = YES;
				CLANG_WARN_EMPTY_BODY = YES;
				CLANG_WARN_ENUM_CONVERSION = YES;
				CLANG_WARN_INFINITE_RECURSION = YES;
				CLANG_WARN_INT_CONVERSION = YES;
				CLANG_WARN_NON_LITERAL_NULL_CONVERSION = YES;
				CLANG_WARN_OBJC_IMPLICIT_RETAIN_SELF = YES;
				CLANG_WARN_OBJC_LITERAL_CONVERSION = YES;
				CLANG_WARN_OBJC_ROOT_CLASS = YES_ERROR;
				CLANG_WARN_QUOTED_INCLUDE_IN_FRAMEWORK_HEADER = YES;
				CLANG_WARN_RANGE_LOOP_ANALYSIS = YES;
				CLANG_WARN_STRICT_PROTOTYPES = YES;
				CLANG_WARN_SUSPICIOUS_MOVE = YES;
				CLANG_WARN_UNGUARDED_AVAILABILITY = YES_AGGRESSIVE;
				CLANG_WARN_UNREACHABLE_CODE = YES;
				CLANG_WARN__DUPLICATE_METHOD_MATCH = YES;
				COPY_PHASE_STRIP = NO;
				DEBUG_INFORMATION_FORMAT = dwarf;
				ENABLE_STRICT_OBJC_MSGSEND = YES;
				ENABLE_TESTABILITY = YES;
				GCC_C_LANGUAGE_STANDARD = gnu11;
				GCC_DYNAMIC_NO_PIC = NO;
				GCC_NO_COMMON_BLOCKS = YES;
				GCC_OPTIMIZATION_LEVEL = 0;
				GCC_PREPROCESSOR_DEFINITIONS = (
					"DEBUG=1",
					"$(inherited)",
				);
				GCC_WARN_64_TO_32_BIT_CONVERSION = YES;
				GCC_WARN_ABOUT_RETURN_TYPE = YES_ERROR;
				GCC_WARN_UNDECLARED_SELECTOR = YES;
				GCC_WARN_UNINITIALIZED_AUTOS = YES_AGGRESSIVE;
				GCC_WARN_UNUSED_FUNCTION = YES;
				GCC_WARN_UNUSED_VARIABLE = YES;
				IPHONEOS_DEPLOYMENT_TARGET = 15.6;
				MTL_ENABLE_DEBUG_INFO = INCLUDE_SOURCE;
				MTL_FAST_MATH = YES;
				ONLY_ACTIVE_ARCH = YES;
				SDKROOT = iphoneos;
				SWIFT_ACTIVE_COMPILATION_CONDITIONS = DEBUG;
				SWIFT_OPTIMIZATION_LEVEL = "-Onone";
			};
			name = Debug;
		};
		0C88C07B2932EA1000E17C26 /* Release */ = {
			isa = XCBuildConfiguration;
			buildSettings = {
				ALWAYS_SEARCH_USER_PATHS = NO;
				CLANG_ANALYZER_NONNULL = YES;
				CLANG_ANALYZER_NUMBER_OBJECT_CONVERSION = YES_AGGRESSIVE;
				CLANG_CXX_LANGUAGE_STANDARD = "gnu++20";
				CLANG_ENABLE_MODULES = YES;
				CLANG_ENABLE_OBJC_ARC = YES;
				CLANG_ENABLE_OBJC_WEAK = YES;
				CLANG_WARN_BLOCK_CAPTURE_AUTORELEASING = YES;
				CLANG_WARN_BOOL_CONVERSION = YES;
				CLANG_WARN_COMMA = YES;
				CLANG_WARN_CONSTANT_CONVERSION = YES;
				CLANG_WARN_DEPRECATED_OBJC_IMPLEMENTATIONS = YES;
				CLANG_WARN_DIRECT_OBJC_ISA_USAGE = YES_ERROR;
				CLANG_WARN_DOCUMENTATION_COMMENTS = YES;
				CLANG_WARN_EMPTY_BODY = YES;
				CLANG_WARN_ENUM_CONVERSION = YES;
				CLANG_WARN_INFINITE_RECURSION = YES;
				CLANG_WARN_INT_CONVERSION = YES;
				CLANG_WARN_NON_LITERAL_NULL_CONVERSION = YES;
				CLANG_WARN_OBJC_IMPLICIT_RETAIN_SELF = YES;
				CLANG_WARN_OBJC_LITERAL_CONVERSION = YES;
				CLANG_WARN_OBJC_ROOT_CLASS = YES_ERROR;
				CLANG_WARN_QUOTED_INCLUDE_IN_FRAMEWORK_HEADER = YES;
				CLANG_WARN_RANGE_LOOP_ANALYSIS = YES;
				CLANG_WARN_STRICT_PROTOTYPES = YES;
				CLANG_WARN_SUSPICIOUS_MOVE = YES;
				CLANG_WARN_UNGUARDED_AVAILABILITY = YES_AGGRESSIVE;
				CLANG_WARN_UNREACHABLE_CODE = YES;
				CLANG_WARN__DUPLICATE_METHOD_MATCH = YES;
				COPY_PHASE_STRIP = NO;
				DEBUG_INFORMATION_FORMAT = "dwarf-with-dsym";
				ENABLE_NS_ASSERTIONS = NO;
				ENABLE_STRICT_OBJC_MSGSEND = YES;
				GCC_C_LANGUAGE_STANDARD = gnu11;
				GCC_NO_COMMON_BLOCKS = YES;
				GCC_WARN_64_TO_32_BIT_CONVERSION = YES;
				GCC_WARN_ABOUT_RETURN_TYPE = YES_ERROR;
				GCC_WARN_UNDECLARED_SELECTOR = YES;
				GCC_WARN_UNINITIALIZED_AUTOS = YES_AGGRESSIVE;
				GCC_WARN_UNUSED_FUNCTION = YES;
				GCC_WARN_UNUSED_VARIABLE = YES;
				IPHONEOS_DEPLOYMENT_TARGET = 15.6;
				MTL_ENABLE_DEBUG_INFO = NO;
				MTL_FAST_MATH = YES;
				SDKROOT = iphoneos;
				SWIFT_COMPILATION_MODE = wholemodule;
				SWIFT_OPTIMIZATION_LEVEL = "-O";
				VALIDATE_PRODUCT = YES;
			};
			name = Release;
		};
		0C88C07D2932EA1000E17C26 /* Debug */ = {
			isa = XCBuildConfiguration;
			buildSettings = {
				ALWAYS_EMBED_SWIFT_STANDARD_LIBRARIES = YES;
				ASSETCATALOG_COMPILER_APPICON_NAME = AppIcon;
				ASSETCATALOG_COMPILER_GLOBAL_ACCENT_COLOR_NAME = AccentColor;
				CODE_SIGN_ENTITLEMENTS = ChineseWordOfTheDay/ChineseWordOfTheDay.entitlements;
				CODE_SIGN_STYLE = Automatic;
				CURRENT_PROJECT_VERSION = 1;
				DEVELOPMENT_ASSET_PATHS = "\"ChineseWordOfTheDay/Preview Content\"";
				DEVELOPMENT_TEAM = SU6X47WC59;
				ENABLE_PREVIEWS = YES;
				GENERATE_INFOPLIST_FILE = YES;
				INFOPLIST_KEY_UIApplicationSceneManifest_Generation = YES;
				INFOPLIST_KEY_UIApplicationSupportsIndirectInputEvents = YES;
				INFOPLIST_KEY_UILaunchScreen_Generation = YES;
				INFOPLIST_KEY_UISupportedInterfaceOrientations_iPad = "UIInterfaceOrientationPortrait UIInterfaceOrientationPortraitUpsideDown UIInterfaceOrientationLandscapeLeft UIInterfaceOrientationLandscapeRight";
				INFOPLIST_KEY_UISupportedInterfaceOrientations_iPhone = "UIInterfaceOrientationPortrait UIInterfaceOrientationLandscapeLeft UIInterfaceOrientationLandscapeRight";
				IPHONEOS_DEPLOYMENT_TARGET = 15.6;
				LD_RUNPATH_SEARCH_PATHS = (
					"$(inherited)",
					"@executable_path/Frameworks",
				);
				MARKETING_VERSION = 1.0;
				PRODUCT_BUNDLE_IDENTIFIER = matthedm.ChineseWordOfTheDay;
				PRODUCT_NAME = "$(TARGET_NAME)";
				SWIFT_EMIT_LOC_STRINGS = YES;
				SWIFT_VERSION = 5.0;
				TARGETED_DEVICE_FAMILY = "1,2";
			};
			name = Debug;
		};
		0C88C07E2932EA1000E17C26 /* Release */ = {
			isa = XCBuildConfiguration;
			buildSettings = {
				ALWAYS_EMBED_SWIFT_STANDARD_LIBRARIES = YES;
				ASSETCATALOG_COMPILER_APPICON_NAME = AppIcon;
				ASSETCATALOG_COMPILER_GLOBAL_ACCENT_COLOR_NAME = AccentColor;
				CODE_SIGN_ENTITLEMENTS = ChineseWordOfTheDay/ChineseWordOfTheDay.entitlements;
				CODE_SIGN_STYLE = Automatic;
				CURRENT_PROJECT_VERSION = 1;
				DEVELOPMENT_ASSET_PATHS = "\"ChineseWordOfTheDay/Preview Content\"";
				DEVELOPMENT_TEAM = SU6X47WC59;
				ENABLE_PREVIEWS = YES;
				GENERATE_INFOPLIST_FILE = YES;
				INFOPLIST_KEY_UIApplicationSceneManifest_Generation = YES;
				INFOPLIST_KEY_UIApplicationSupportsIndirectInputEvents = YES;
				INFOPLIST_KEY_UILaunchScreen_Generation = YES;
				INFOPLIST_KEY_UISupportedInterfaceOrientations_iPad = "UIInterfaceOrientationPortrait UIInterfaceOrientationPortraitUpsideDown UIInterfaceOrientationLandscapeLeft UIInterfaceOrientationLandscapeRight";
				INFOPLIST_KEY_UISupportedInterfaceOrientations_iPhone = "UIInterfaceOrientationPortrait UIInterfaceOrientationLandscapeLeft UIInterfaceOrientationLandscapeRight";
				IPHONEOS_DEPLOYMENT_TARGET = 15.6;
				LD_RUNPATH_SEARCH_PATHS = (
					"$(inherited)",
					"@executable_path/Frameworks",
				);
				MARKETING_VERSION = 1.0;
				PRODUCT_BUNDLE_IDENTIFIER = matthedm.ChineseWordOfTheDay;
				PRODUCT_NAME = "$(TARGET_NAME)";
				SWIFT_EMIT_LOC_STRINGS = YES;
				SWIFT_VERSION = 5.0;
				TARGETED_DEVICE_FAMILY = "1,2";
			};
			name = Release;
		};
		0CB207E6293AD56E0066AC21 /* Debug */ = {
			isa = XCBuildConfiguration;
			buildSettings = {
				ASSETCATALOG_COMPILER_GLOBAL_ACCENT_COLOR_NAME = AccentColor;
				ASSETCATALOG_COMPILER_WIDGET_BACKGROUND_COLOR_NAME = WidgetBackground;
				CODE_SIGN_ENTITLEMENTS = wordOfDayWidgetExtension.entitlements;
				CODE_SIGN_STYLE = Automatic;
				CURRENT_PROJECT_VERSION = 1;
				DEVELOPMENT_TEAM = SU6X47WC59;
				GENERATE_INFOPLIST_FILE = YES;
				INFOPLIST_FILE = wordOfDayWidget/Info.plist;
				INFOPLIST_KEY_CFBundleDisplayName = wordOfDayWidget;
				INFOPLIST_KEY_NSHumanReadableCopyright = "";
				IPHONEOS_DEPLOYMENT_TARGET = 15.6;
				LD_RUNPATH_SEARCH_PATHS = (
					"$(inherited)",
					"@executable_path/Frameworks",
					"@executable_path/../../Frameworks",
				);
				MARKETING_VERSION = 1.0;
				PRODUCT_BUNDLE_IDENTIFIER = matthedm.ChineseWordOfTheDay.wordOfDayWidget;
				PRODUCT_NAME = "$(TARGET_NAME)";
				SKIP_INSTALL = YES;
				SWIFT_EMIT_LOC_STRINGS = YES;
				SWIFT_VERSION = 5.0;
				TARGETED_DEVICE_FAMILY = "1,2";
			};
			name = Debug;
		};
		0CB207E7293AD56E0066AC21 /* Release */ = {
			isa = XCBuildConfiguration;
			buildSettings = {
				ASSETCATALOG_COMPILER_GLOBAL_ACCENT_COLOR_NAME = AccentColor;
				ASSETCATALOG_COMPILER_WIDGET_BACKGROUND_COLOR_NAME = WidgetBackground;
				CODE_SIGN_ENTITLEMENTS = wordOfDayWidgetExtension.entitlements;
				CODE_SIGN_STYLE = Automatic;
				CURRENT_PROJECT_VERSION = 1;
				DEVELOPMENT_TEAM = SU6X47WC59;
				GENERATE_INFOPLIST_FILE = YES;
				INFOPLIST_FILE = wordOfDayWidget/Info.plist;
				INFOPLIST_KEY_CFBundleDisplayName = wordOfDayWidget;
				INFOPLIST_KEY_NSHumanReadableCopyright = "";
				IPHONEOS_DEPLOYMENT_TARGET = 15.6;
				LD_RUNPATH_SEARCH_PATHS = (
					"$(inherited)",
					"@executable_path/Frameworks",
					"@executable_path/../../Frameworks",
				);
				MARKETING_VERSION = 1.0;
				PRODUCT_BUNDLE_IDENTIFIER = matthedm.ChineseWordOfTheDay.wordOfDayWidget;
				PRODUCT_NAME = "$(TARGET_NAME)";
				SKIP_INSTALL = YES;
				SWIFT_EMIT_LOC_STRINGS = YES;
				SWIFT_VERSION = 5.0;
				TARGETED_DEVICE_FAMILY = "1,2";
			};
			name = Release;
		};
		0CB5FE11294D3C0300DED7D8 /* Debug */ = {
			isa = XCBuildConfiguration;
			buildSettings = {
				BUNDLE_LOADER = "$(TEST_HOST)";
				CODE_SIGN_STYLE = Automatic;
				CURRENT_PROJECT_VERSION = 1;
				DEVELOPMENT_TEAM = SU6X47WC59;
				GENERATE_INFOPLIST_FILE = YES;
				IPHONEOS_DEPLOYMENT_TARGET = 16.0;
				MARKETING_VERSION = 1.0;
				PRODUCT_BUNDLE_IDENTIFIER = matthedm.RefreshManagerUnitTests;
				PRODUCT_NAME = "$(TARGET_NAME)";
				SWIFT_EMIT_LOC_STRINGS = NO;
				SWIFT_VERSION = 5.0;
				TARGETED_DEVICE_FAMILY = "1,2";
				TEST_HOST = "$(BUILT_PRODUCTS_DIR)/ChineseWordOfTheDay.app/$(BUNDLE_EXECUTABLE_FOLDER_PATH)/ChineseWordOfTheDay";
			};
			name = Debug;
		};
		0CB5FE12294D3C0300DED7D8 /* Release */ = {
			isa = XCBuildConfiguration;
			buildSettings = {
				BUNDLE_LOADER = "$(TEST_HOST)";
				CODE_SIGN_STYLE = Automatic;
				CURRENT_PROJECT_VERSION = 1;
				DEVELOPMENT_TEAM = SU6X47WC59;
				GENERATE_INFOPLIST_FILE = YES;
				IPHONEOS_DEPLOYMENT_TARGET = 16.0;
				MARKETING_VERSION = 1.0;
				PRODUCT_BUNDLE_IDENTIFIER = matthedm.RefreshManagerUnitTests;
				PRODUCT_NAME = "$(TARGET_NAME)";
				SWIFT_EMIT_LOC_STRINGS = NO;
				SWIFT_VERSION = 5.0;
				TARGETED_DEVICE_FAMILY = "1,2";
				TEST_HOST = "$(BUILT_PRODUCTS_DIR)/ChineseWordOfTheDay.app/$(BUNDLE_EXECUTABLE_FOLDER_PATH)/ChineseWordOfTheDay";
			};
			name = Release;
		};
/* End XCBuildConfiguration section */

/* Begin XCConfigurationList section */
		0C88C0532932EA0E00E17C26 /* Build configuration list for PBXProject "ChineseWordOfTheDay" */ = {
			isa = XCConfigurationList;
			buildConfigurations = (
				0C88C07A2932EA1000E17C26 /* Debug */,
				0C88C07B2932EA1000E17C26 /* Release */,
			);
			defaultConfigurationIsVisible = 0;
			defaultConfigurationName = Release;
		};
		0C88C07C2932EA1000E17C26 /* Build configuration list for PBXNativeTarget "ChineseWordOfTheDay" */ = {
			isa = XCConfigurationList;
			buildConfigurations = (
				0C88C07D2932EA1000E17C26 /* Debug */,
				0C88C07E2932EA1000E17C26 /* Release */,
			);
			defaultConfigurationIsVisible = 0;
			defaultConfigurationName = Release;
		};
		0CB207E8293AD56E0066AC21 /* Build configuration list for PBXNativeTarget "wordOfDayWidgetExtension" */ = {
			isa = XCConfigurationList;
			buildConfigurations = (
				0CB207E6293AD56E0066AC21 /* Debug */,
				0CB207E7293AD56E0066AC21 /* Release */,
			);
			defaultConfigurationIsVisible = 0;
			defaultConfigurationName = Release;
		};
		0CB5FE10294D3C0300DED7D8 /* Build configuration list for PBXNativeTarget "RefreshManagerUnitTests" */ = {
			isa = XCConfigurationList;
			buildConfigurations = (
				0CB5FE11294D3C0300DED7D8 /* Debug */,
				0CB5FE12294D3C0300DED7D8 /* Release */,
			);
			defaultConfigurationIsVisible = 0;
			defaultConfigurationName = Release;
		};
/* End XCConfigurationList section */

/* Begin XCRemoteSwiftPackageReference section */
		0C29EA65293C48BB00F2C0A7 /* XCRemoteSwiftPackageReference "fmdb" */ = {
			isa = XCRemoteSwiftPackageReference;
			repositoryURL = "https://github.com/ccgus/fmdb";
			requirement = {
				branch = master;
				kind = branch;
			};
		};
		0C9DB8FE299DB8D100E6D4F9 /* XCRemoteSwiftPackageReference "SwiftCSV" */ = {
			isa = XCRemoteSwiftPackageReference;
			repositoryURL = "https://github.com/swiftcsv/SwiftCSV";
			requirement = {
				kind = upToNextMajorVersion;
				minimumVersion = 0.8.1;
			};
		};
/* End XCRemoteSwiftPackageReference section */

/* Begin XCSwiftPackageProductDependency section */
		0C29EA66293C48BB00F2C0A7 /* FMDB */ = {
			isa = XCSwiftPackageProductDependency;
			package = 0C29EA65293C48BB00F2C0A7 /* XCRemoteSwiftPackageReference "fmdb" */;
			productName = FMDB;
		};
		0C29EA762942BD9200F2C0A7 /* FMDB */ = {
			isa = XCSwiftPackageProductDependency;
			package = 0C29EA65293C48BB00F2C0A7 /* XCRemoteSwiftPackageReference "fmdb" */;
			productName = FMDB;
		};
		0C9DB8FF299DB8D100E6D4F9 /* SwiftCSV */ = {
			isa = XCSwiftPackageProductDependency;
			package = 0C9DB8FE299DB8D100E6D4F9 /* XCRemoteSwiftPackageReference "SwiftCSV" */;
			productName = SwiftCSV;
		};
		0CD7600029B02F2D0078853D /* SwiftCSV */ = {
			isa = XCSwiftPackageProductDependency;
			package = 0C9DB8FE299DB8D100E6D4F9 /* XCRemoteSwiftPackageReference "SwiftCSV" */;
			productName = SwiftCSV;
		};
/* End XCSwiftPackageProductDependency section */

/* Begin XCVersionGroup section */
		0CADBC6F299C35AE00A805DD /* WordOfTheDay.xcdatamodeld */ = {
			isa = XCVersionGroup;
			children = (
				0CADBC70299C35AE00A805DD /* Model.xcdatamodel */,
			);
			currentVersion = 0CADBC70299C35AE00A805DD /* Model.xcdatamodel */;
			path = WordOfTheDay.xcdatamodeld;
			sourceTree = "<group>";
			versionGroupType = wrapper.xcdatamodel;
		};
/* End XCVersionGroup section */
	};
	rootObject = 0C88C0502932EA0E00E17C26 /* Project object */;
}
