// !$*UTF8*$!
{
	archiveVersion = 1;
	classes = {
	};
	objectVersion = 56;
	objects = {

/* Begin PBXBuildFile section */
		0C0D19F02944124D007CD72D /* WordView.swift in Sources */ = {isa = PBXBuildFile; fileRef = 0C0D19EF2944124D007CD72D /* WordView.swift */; };
		0C0D19F329441627007CD72D /* kaiu.ttf in Resources */ = {isa = PBXBuildFile; fileRef = 0C0D19F229441471007CD72D /* kaiu.ttf */; };
		0C0D19F429441628007CD72D /* kaiu.ttf in Resources */ = {isa = PBXBuildFile; fileRef = 0C0D19F229441471007CD72D /* kaiu.ttf */; };
		0C1D655729342177000E667A /* ChineseWordOfTheDayApp.swift in Sources */ = {isa = PBXBuildFile; fileRef = 0C88C05B2932EA0F00E17C26 /* ChineseWordOfTheDayApp.swift */; };
		0C29EA67293C48BB00F2C0A7 /* FMDB in Frameworks */ = {isa = PBXBuildFile; productRef = 0C29EA66293C48BB00F2C0A7 /* FMDB */; };
		0C29EA772942BD9200F2C0A7 /* FMDB in Frameworks */ = {isa = PBXBuildFile; productRef = 0C29EA762942BD9200F2C0A7 /* FMDB */; };
		0C88C0602932EA1000E17C26 /* Assets.xcassets in Resources */ = {isa = PBXBuildFile; fileRef = 0C88C05F2932EA1000E17C26 /* Assets.xcassets */; };
		0C88C0632932EA1000E17C26 /* Preview Assets.xcassets in Resources */ = {isa = PBXBuildFile; fileRef = 0C88C0622932EA1000E17C26 /* Preview Assets.xcassets */; };
		0C9DB900299DB8D100E6D4F9 /* SwiftCSV in Frameworks */ = {isa = PBXBuildFile; productRef = 0C9DB8FF299DB8D100E6D4F9 /* SwiftCSV */; };
		0CA9DF9F2A393DD50002EB9E /* default.store in Resources */ = {isa = PBXBuildFile; fileRef = 0CA9DF9E2A393DD50002EB9E /* default.store */; };
		0CADBC6E299C324F00A805DD /* DataController.swift in Sources */ = {isa = PBXBuildFile; fileRef = 0CADBC6D299C324F00A805DD /* DataController.swift */; };
		0CADBC71299C35AE00A805DD /* WordOfTheDay.xcdatamodeld in Sources */ = {isa = PBXBuildFile; fileRef = 0CADBC6F299C35AE00A805DD /* WordOfTheDay.xcdatamodeld */; };
		0CADBC73299C365D00A805DD /* TodaysWord.swift in Sources */ = {isa = PBXBuildFile; fileRef = 0CADBC72299C365D00A805DD /* TodaysWord.swift */; };
		0CADBC75299C61F000A805DD /* pos_and_frequency.csv in Resources */ = {isa = PBXBuildFile; fileRef = 0CADBC74299C61F000A805DD /* pos_and_frequency.csv */; };
		0CB207D6293AD56D0066AC21 /* WidgetKit.framework in Frameworks */ = {isa = PBXBuildFile; fileRef = 0CB207D5293AD56D0066AC21 /* WidgetKit.framework */; };
		0CB207D8293AD56D0066AC21 /* SwiftUI.framework in Frameworks */ = {isa = PBXBuildFile; fileRef = 0CB207D7293AD56D0066AC21 /* SwiftUI.framework */; };
		0CB207DB293AD56D0066AC21 /* wordOfDayWidget.swift in Sources */ = {isa = PBXBuildFile; fileRef = 0CB207DA293AD56D0066AC21 /* wordOfDayWidget.swift */; };
		0CB207DE293AD56E0066AC21 /* Assets.xcassets in Resources */ = {isa = PBXBuildFile; fileRef = 0CB207DD293AD56E0066AC21 /* Assets.xcassets */; };
		0CB207E0293AD56E0066AC21 /* wordOfDayWidget.intentdefinition in Sources */ = {isa = PBXBuildFile; fileRef = 0CB207DC293AD56D0066AC21 /* wordOfDayWidget.intentdefinition */; };
		0CB207E1293AD56E0066AC21 /* wordOfDayWidget.intentdefinition in Sources */ = {isa = PBXBuildFile; fileRef = 0CB207DC293AD56D0066AC21 /* wordOfDayWidget.intentdefinition */; };
		0CB207E5293AD56E0066AC21 /* wordOfDayWidgetExtension.appex in Embed Foundation Extensions */ = {isa = PBXBuildFile; fileRef = 0CB207D3293AD56D0066AC21 /* wordOfDayWidgetExtension.appex */; settings = {ATTRIBUTES = (RemoveHeadersOnCopy, ); }; };
		0CB5FE05294D3B7400DED7D8 /* WordView.swift in Sources */ = {isa = PBXBuildFile; fileRef = 0C0D19EF2944124D007CD72D /* WordView.swift */; };
		0CB5FE0D294D3C0300DED7D8 /* RefreshManagerUnitTests.swift in Sources */ = {isa = PBXBuildFile; fileRef = 0CB5FE0C294D3C0300DED7D8 /* RefreshManagerUnitTests.swift */; };
		0CB5FE13294D3C2000DED7D8 /* RefreshManager.swift in Sources */ = {isa = PBXBuildFile; fileRef = 0CB5FDF82947DF0900DED7D8 /* RefreshManager.swift */; };
		0CC0E78529B7B3B0005C3ED4 /* WordOfTheDay.xcdatamodeld in Sources */ = {isa = PBXBuildFile; fileRef = 0CADBC6F299C35AE00A805DD /* WordOfTheDay.xcdatamodeld */; };
		0CC0E78629B7B462005C3ED4 /* RefreshManager.swift in Sources */ = {isa = PBXBuildFile; fileRef = 0CB5FDF82947DF0900DED7D8 /* RefreshManager.swift */; };
		0CC0E78729BA4409005C3ED4 /* pos_and_frequency.csv in Resources */ = {isa = PBXBuildFile; fileRef = 0CADBC74299C61F000A805DD /* pos_and_frequency.csv */; };
		0CD75FFC29A7E84D0078853D /* AppIcon.appiconset in Resources */ = {isa = PBXBuildFile; fileRef = 0CD75FFB29A7E84D0078853D /* AppIcon.appiconset */; };
		0CD75FFD29A7E84D0078853D /* AppIcon.appiconset in Resources */ = {isa = PBXBuildFile; fileRef = 0CD75FFB29A7E84D0078853D /* AppIcon.appiconset */; };
		0CD75FFE29B02D840078853D /* DataController.swift in Sources */ = {isa = PBXBuildFile; fileRef = 0CADBC6D299C324F00A805DD /* DataController.swift */; };
		0CD75FFF29B02DC40078853D /* WordOfTheDay.xcdatamodeld in Sources */ = {isa = PBXBuildFile; fileRef = 0CADBC6F299C35AE00A805DD /* WordOfTheDay.xcdatamodeld */; };
		0CD7600129B02F2D0078853D /* SwiftCSV in Frameworks */ = {isa = PBXBuildFile; productRef = 0CD7600029B02F2D0078853D /* SwiftCSV */; };
		167828AC2A01801F0088F1CA /* SpeechViewModelDayTests.swift in Sources */ = {isa = PBXBuildFile; fileRef = 167828AB2A01801F0088F1CA /* SpeechViewModelDayTests.swift */; };
		167828B32A0182610088F1CA /* SpeechViewModel.swift in Sources */ = {isa = PBXBuildFile; fileRef = 16D547F12A017B45007068D4 /* SpeechViewModel.swift */; };
		167828B52A041E270088F1CA /* PlayButton.swift in Sources */ = {isa = PBXBuildFile; fileRef = 167828B42A041E270088F1CA /* PlayButton.swift */; };
		16D547F22A017B45007068D4 /* SpeechViewModel.swift in Sources */ = {isa = PBXBuildFile; fileRef = 16D547F12A017B45007068D4 /* SpeechViewModel.swift */; };
		A4716A452A356602003D9BC0 /* TestcView.swift in Sources */ = {isa = PBXBuildFile; fileRef = A4716A442A356602003D9BC0 /* TestcView.swift */; };
		A4716A462A3567C2003D9BC0 /* output.json in Resources */ = {isa = PBXBuildFile; fileRef = A47AE2712A3542CF002585F6 /* output.json */; };
		A4D947772A3520F200617CF6 /* Containers.swift in Sources */ = {isa = PBXBuildFile; fileRef = A4D947762A3520F200617CF6 /* Containers.swift */; };
		A4D947782A3520F200617CF6 /* Containers.swift in Sources */ = {isa = PBXBuildFile; fileRef = A4D947762A3520F200617CF6 /* Containers.swift */; };
		A4D947852A35220500617CF6 /* words.docc in Sources */ = {isa = PBXBuildFile; fileRef = A4D947842A35220500617CF6 /* words.docc */; };
		A4D9478B2A35220500617CF6 /* words.framework in Frameworks */ = {isa = PBXBuildFile; fileRef = A4D947812A35220500617CF6 /* words.framework */; };
		A4D947922A35220600617CF6 /* wordsTests.swift in Sources */ = {isa = PBXBuildFile; fileRef = A4D947912A35220600617CF6 /* wordsTests.swift */; };
		A4D947932A35220600617CF6 /* words.h in Headers */ = {isa = PBXBuildFile; fileRef = A4D947832A35220500617CF6 /* words.h */; settings = {ATTRIBUTES = (Public, ); }; };
		A4D947962A35220600617CF6 /* words.framework in Frameworks */ = {isa = PBXBuildFile; fileRef = A4D947812A35220500617CF6 /* words.framework */; };
		A4D947972A35220600617CF6 /* words.framework in Embed Frameworks */ = {isa = PBXBuildFile; fileRef = A4D947812A35220500617CF6 /* words.framework */; settings = {ATTRIBUTES = (CodeSignOnCopy, RemoveHeadersOnCopy, ); }; };
		A4D947A02A35221F00617CF6 /* load_words.swift in Sources */ = {isa = PBXBuildFile; fileRef = A4D9479F2A35221F00617CF6 /* load_words.swift */; };
		A4D947AD2A352E4100617CF6 /* main.swift in Sources */ = {isa = PBXBuildFile; fileRef = A4D947AC2A352E4100617CF6 /* main.swift */; };
		A4D947B12A352E6C00617CF6 /* main.swift in Sources */ = {isa = PBXBuildFile; fileRef = A4D947AC2A352E4100617CF6 /* main.swift */; };
		A4D947B32A35304C00617CF6 /* Word.swift in Sources */ = {isa = PBXBuildFile; fileRef = A4D947A22A35234500617CF6 /* Word.swift */; };
		A4D947B42A35304D00617CF6 /* Word.swift in Sources */ = {isa = PBXBuildFile; fileRef = A4D947A22A35234500617CF6 /* Word.swift */; };
		A4D947B52A35309400617CF6 /* Word.swift in Sources */ = {isa = PBXBuildFile; fileRef = A4D947A22A35234500617CF6 /* Word.swift */; };
/* End PBXBuildFile section */

/* Begin PBXContainerItemProxy section */
		0CB207E2293AD56E0066AC21 /* PBXContainerItemProxy */ = {
			isa = PBXContainerItemProxy;
			containerPortal = 0C88C0502932EA0E00E17C26 /* Project object */;
			proxyType = 1;
			remoteGlobalIDString = 0CB207D2293AD56D0066AC21;
			remoteInfo = wordOfDayWidgetExtension;
		};
		0CB5FE0E294D3C0300DED7D8 /* PBXContainerItemProxy */ = {
			isa = PBXContainerItemProxy;
			containerPortal = 0C88C0502932EA0E00E17C26 /* Project object */;
			proxyType = 1;
			remoteGlobalIDString = 0C88C0572932EA0E00E17C26;
			remoteInfo = ChineseWordOfTheDay;
		};
		167828AD2A01801F0088F1CA /* PBXContainerItemProxy */ = {
			isa = PBXContainerItemProxy;
			containerPortal = 0C88C0502932EA0E00E17C26 /* Project object */;
			proxyType = 1;
			remoteGlobalIDString = 0C88C0572932EA0E00E17C26;
			remoteInfo = ChineseWordOfTheDay;
		};
		A4D9478C2A35220500617CF6 /* PBXContainerItemProxy */ = {
			isa = PBXContainerItemProxy;
			containerPortal = 0C88C0502932EA0E00E17C26 /* Project object */;
			proxyType = 1;
			remoteGlobalIDString = A4D947802A35220500617CF6;
			remoteInfo = words;
		};
		A4D9478E2A35220600617CF6 /* PBXContainerItemProxy */ = {
			isa = PBXContainerItemProxy;
			containerPortal = 0C88C0502932EA0E00E17C26 /* Project object */;
			proxyType = 1;
			remoteGlobalIDString = 0C88C0572932EA0E00E17C26;
			remoteInfo = ChineseWordOfTheDay;
		};
		A4D947942A35220600617CF6 /* PBXContainerItemProxy */ = {
			isa = PBXContainerItemProxy;
			containerPortal = 0C88C0502932EA0E00E17C26 /* Project object */;
			proxyType = 1;
			remoteGlobalIDString = A4D947802A35220500617CF6;
			remoteInfo = words;
		};
/* End PBXContainerItemProxy section */

/* Begin PBXCopyFilesBuildPhase section */
		0CB207E4293AD56E0066AC21 /* Embed Foundation Extensions */ = {
			isa = PBXCopyFilesBuildPhase;
			buildActionMask = 2147483647;
			dstPath = "";
			dstSubfolderSpec = 13;
			files = (
				0CB207E5293AD56E0066AC21 /* wordOfDayWidgetExtension.appex in Embed Foundation Extensions */,
			);
			name = "Embed Foundation Extensions";
			runOnlyForDeploymentPostprocessing = 0;
		};
		A4D9479B2A35220600617CF6 /* Embed Frameworks */ = {
			isa = PBXCopyFilesBuildPhase;
			buildActionMask = 2147483647;
			dstPath = "";
			dstSubfolderSpec = 10;
			files = (
				A4D947972A35220600617CF6 /* words.framework in Embed Frameworks */,
			);
			name = "Embed Frameworks";
			runOnlyForDeploymentPostprocessing = 0;
		};
		A4D947A82A352E4100617CF6 /* CopyFiles */ = {
			isa = PBXCopyFilesBuildPhase;
			buildActionMask = 2147483647;
			dstPath = /usr/share/man/man1/;
			dstSubfolderSpec = 0;
			files = (
			);
			runOnlyForDeploymentPostprocessing = 1;
		};
/* End PBXCopyFilesBuildPhase section */

/* Begin PBXFileReference section */
		0C0D19EF2944124D007CD72D /* WordView.swift */ = {isa = PBXFileReference; lastKnownFileType = sourcecode.swift; path = WordView.swift; sourceTree = "<group>"; };
		0C0D19F229441471007CD72D /* kaiu.ttf */ = {isa = PBXFileReference; lastKnownFileType = file; path = kaiu.ttf; sourceTree = "<group>"; };
		0C29EA68293C4E1D00F2C0A7 /* fmdb-bridging-header.h */ = {isa = PBXFileReference; lastKnownFileType = sourcecode.c.h; path = "fmdb-bridging-header.h"; sourceTree = "<group>"; };
		0C29EA7D2943F02C00F2C0A7 /* ChineseWordOfTheDay.entitlements */ = {isa = PBXFileReference; lastKnownFileType = text.plist.entitlements; path = ChineseWordOfTheDay.entitlements; sourceTree = "<group>"; };
		0C29EA7E2943F2D700F2C0A7 /* wordOfDayWidgetExtension.entitlements */ = {isa = PBXFileReference; lastKnownFileType = text.plist.entitlements; path = wordOfDayWidgetExtension.entitlements; sourceTree = "<group>"; };
		0C88C0582932EA0E00E17C26 /* ChineseWordOfTheDay.app */ = {isa = PBXFileReference; explicitFileType = wrapper.application; includeInIndex = 0; path = ChineseWordOfTheDay.app; sourceTree = BUILT_PRODUCTS_DIR; };
		0C88C05B2932EA0F00E17C26 /* ChineseWordOfTheDayApp.swift */ = {isa = PBXFileReference; lastKnownFileType = sourcecode.swift; path = ChineseWordOfTheDayApp.swift; sourceTree = "<group>"; };
		0C88C05F2932EA1000E17C26 /* Assets.xcassets */ = {isa = PBXFileReference; lastKnownFileType = folder.assetcatalog; path = Assets.xcassets; sourceTree = "<group>"; };
		0C88C0622932EA1000E17C26 /* Preview Assets.xcassets */ = {isa = PBXFileReference; lastKnownFileType = folder.assetcatalog; path = "Preview Assets.xcassets"; sourceTree = "<group>"; };
		0CA9DF9E2A393DD50002EB9E /* default.store */ = {isa = PBXFileReference; lastKnownFileType = file; path = default.store; sourceTree = "<group>"; };
		0CADBC6D299C324F00A805DD /* DataController.swift */ = {isa = PBXFileReference; lastKnownFileType = sourcecode.swift; path = DataController.swift; sourceTree = "<group>"; };
		0CADBC70299C35AE00A805DD /* Model.xcdatamodel */ = {isa = PBXFileReference; lastKnownFileType = wrapper.xcdatamodel; path = Model.xcdatamodel; sourceTree = "<group>"; };
		0CADBC72299C365D00A805DD /* TodaysWord.swift */ = {isa = PBXFileReference; lastKnownFileType = sourcecode.swift; path = TodaysWord.swift; sourceTree = "<group>"; };
		0CADBC74299C61F000A805DD /* pos_and_frequency.csv */ = {isa = PBXFileReference; fileEncoding = 4; lastKnownFileType = text; path = pos_and_frequency.csv; sourceTree = "<group>"; };
		0CB207D3293AD56D0066AC21 /* wordOfDayWidgetExtension.appex */ = {isa = PBXFileReference; explicitFileType = "wrapper.app-extension"; includeInIndex = 0; path = wordOfDayWidgetExtension.appex; sourceTree = BUILT_PRODUCTS_DIR; };
		0CB207D5293AD56D0066AC21 /* WidgetKit.framework */ = {isa = PBXFileReference; lastKnownFileType = wrapper.framework; name = WidgetKit.framework; path = System/Library/Frameworks/WidgetKit.framework; sourceTree = SDKROOT; };
		0CB207D7293AD56D0066AC21 /* SwiftUI.framework */ = {isa = PBXFileReference; lastKnownFileType = wrapper.framework; name = SwiftUI.framework; path = System/Library/Frameworks/SwiftUI.framework; sourceTree = SDKROOT; };
		0CB207DA293AD56D0066AC21 /* wordOfDayWidget.swift */ = {isa = PBXFileReference; lastKnownFileType = sourcecode.swift; path = wordOfDayWidget.swift; sourceTree = "<group>"; };
		0CB207DC293AD56D0066AC21 /* wordOfDayWidget.intentdefinition */ = {isa = PBXFileReference; lastKnownFileType = file.intentdefinition; path = wordOfDayWidget.intentdefinition; sourceTree = "<group>"; };
		0CB207DD293AD56E0066AC21 /* Assets.xcassets */ = {isa = PBXFileReference; lastKnownFileType = folder.assetcatalog; path = Assets.xcassets; sourceTree = "<group>"; };
		0CB207DF293AD56E0066AC21 /* Info.plist */ = {isa = PBXFileReference; lastKnownFileType = text.plist.xml; path = Info.plist; sourceTree = "<group>"; };
		0CB5FDF82947DF0900DED7D8 /* RefreshManager.swift */ = {isa = PBXFileReference; lastKnownFileType = sourcecode.swift; path = RefreshManager.swift; sourceTree = "<group>"; };
		0CB5FE0A294D3C0200DED7D8 /* RefreshManagerUnitTests.xctest */ = {isa = PBXFileReference; explicitFileType = wrapper.cfbundle; includeInIndex = 0; path = RefreshManagerUnitTests.xctest; sourceTree = BUILT_PRODUCTS_DIR; };
		0CB5FE0C294D3C0300DED7D8 /* RefreshManagerUnitTests.swift */ = {isa = PBXFileReference; lastKnownFileType = sourcecode.swift; path = RefreshManagerUnitTests.swift; sourceTree = "<group>"; };
		0CD75FFB29A7E84D0078853D /* AppIcon.appiconset */ = {isa = PBXFileReference; lastKnownFileType = folder; path = AppIcon.appiconset; sourceTree = "<group>"; };
		167828A92A01801F0088F1CA /* SpeechViewModelDayTests.xctest */ = {isa = PBXFileReference; explicitFileType = wrapper.cfbundle; includeInIndex = 0; path = SpeechViewModelDayTests.xctest; sourceTree = BUILT_PRODUCTS_DIR; };
		167828AB2A01801F0088F1CA /* SpeechViewModelDayTests.swift */ = {isa = PBXFileReference; lastKnownFileType = sourcecode.swift; path = SpeechViewModelDayTests.swift; sourceTree = "<group>"; };
		167828B42A041E270088F1CA /* PlayButton.swift */ = {isa = PBXFileReference; lastKnownFileType = sourcecode.swift; path = PlayButton.swift; sourceTree = "<group>"; };
		1680549229D6438300425FD6 /* Info.plist */ = {isa = PBXFileReference; lastKnownFileType = text.plist; path = Info.plist; sourceTree = "<group>"; };
		16D547F12A017B45007068D4 /* SpeechViewModel.swift */ = {isa = PBXFileReference; lastKnownFileType = sourcecode.swift; path = SpeechViewModel.swift; sourceTree = "<group>"; };
		A4716A442A356602003D9BC0 /* TestcView.swift */ = {isa = PBXFileReference; lastKnownFileType = sourcecode.swift; path = TestcView.swift; sourceTree = "<group>"; };
		A47AE2712A3542CF002585F6 /* output.json */ = {isa = PBXFileReference; fileEncoding = 4; lastKnownFileType = text.json; path = output.json; sourceTree = "<group>"; };
		A4D947762A3520F200617CF6 /* Containers.swift */ = {isa = PBXFileReference; lastKnownFileType = sourcecode.swift; path = Containers.swift; sourceTree = "<group>"; };
		A4D947812A35220500617CF6 /* words.framework */ = {isa = PBXFileReference; explicitFileType = wrapper.framework; includeInIndex = 0; path = words.framework; sourceTree = BUILT_PRODUCTS_DIR; };
		A4D947832A35220500617CF6 /* words.h */ = {isa = PBXFileReference; lastKnownFileType = sourcecode.c.h; path = words.h; sourceTree = "<group>"; };
		A4D947842A35220500617CF6 /* words.docc */ = {isa = PBXFileReference; lastKnownFileType = folder.documentationcatalog; path = words.docc; sourceTree = "<group>"; };
		A4D9478A2A35220500617CF6 /* wordsTests.xctest */ = {isa = PBXFileReference; explicitFileType = wrapper.cfbundle; includeInIndex = 0; path = wordsTests.xctest; sourceTree = BUILT_PRODUCTS_DIR; };
		A4D947912A35220600617CF6 /* wordsTests.swift */ = {isa = PBXFileReference; lastKnownFileType = sourcecode.swift; path = wordsTests.swift; sourceTree = "<group>"; };
		A4D9479F2A35221F00617CF6 /* load_words.swift */ = {isa = PBXFileReference; lastKnownFileType = sourcecode.swift; path = load_words.swift; sourceTree = "<group>"; };
		A4D947A22A35234500617CF6 /* Word.swift */ = {isa = PBXFileReference; lastKnownFileType = sourcecode.swift; path = Word.swift; sourceTree = "<group>"; };
		A4D947AA2A352E4100617CF6 /* commandLine */ = {isa = PBXFileReference; explicitFileType = "compiled.mach-o.executable"; includeInIndex = 0; path = commandLine; sourceTree = BUILT_PRODUCTS_DIR; };
		A4D947AC2A352E4100617CF6 /* main.swift */ = {isa = PBXFileReference; lastKnownFileType = sourcecode.swift; path = main.swift; sourceTree = "<group>"; };
		A4D947B22A352F9F00617CF6 /* TestLoadJson.xctestplan */ = {isa = PBXFileReference; lastKnownFileType = text; path = TestLoadJson.xctestplan; sourceTree = "<group>"; };
/* End PBXFileReference section */

/* Begin PBXFrameworksBuildPhase section */
		0C1D655229342164000E667A /* Frameworks */ = {
			isa = PBXFrameworksBuildPhase;
			buildActionMask = 2147483647;
			files = (
				A4D947962A35220600617CF6 /* words.framework in Frameworks */,
				0C29EA67293C48BB00F2C0A7 /* FMDB in Frameworks */,
				0C9DB900299DB8D100E6D4F9 /* SwiftCSV in Frameworks */,
			);
			runOnlyForDeploymentPostprocessing = 0;
		};
		0CB207D0293AD56D0066AC21 /* Frameworks */ = {
			isa = PBXFrameworksBuildPhase;
			buildActionMask = 2147483647;
			files = (
				0CB207D8293AD56D0066AC21 /* SwiftUI.framework in Frameworks */,
				0CD7600129B02F2D0078853D /* SwiftCSV in Frameworks */,
				0C29EA772942BD9200F2C0A7 /* FMDB in Frameworks */,
				0CB207D6293AD56D0066AC21 /* WidgetKit.framework in Frameworks */,
			);
			runOnlyForDeploymentPostprocessing = 0;
		};
		0CB5FE07294D3C0200DED7D8 /* Frameworks */ = {
			isa = PBXFrameworksBuildPhase;
			buildActionMask = 2147483647;
			files = (
			);
			runOnlyForDeploymentPostprocessing = 0;
		};
		167828A62A01801F0088F1CA /* Frameworks */ = {
			isa = PBXFrameworksBuildPhase;
			buildActionMask = 2147483647;
			files = (
			);
			runOnlyForDeploymentPostprocessing = 0;
		};
		A4D9477E2A35220500617CF6 /* Frameworks */ = {
			isa = PBXFrameworksBuildPhase;
			buildActionMask = 2147483647;
			files = (
			);
			runOnlyForDeploymentPostprocessing = 0;
		};
		A4D947872A35220500617CF6 /* Frameworks */ = {
			isa = PBXFrameworksBuildPhase;
			buildActionMask = 2147483647;
			files = (
				A4D9478B2A35220500617CF6 /* words.framework in Frameworks */,
			);
			runOnlyForDeploymentPostprocessing = 0;
		};
		A4D947A72A352E4100617CF6 /* Frameworks */ = {
			isa = PBXFrameworksBuildPhase;
			buildActionMask = 2147483647;
			files = (
			);
			runOnlyForDeploymentPostprocessing = 0;
		};
/* End PBXFrameworksBuildPhase section */

/* Begin PBXGroup section */
		0C0D19E729440FCD007CD72D /* ProjectFonts */ = {
			isa = PBXGroup;
			children = (
				0C0D19F229441471007CD72D /* kaiu.ttf */,
			);
			path = ProjectFonts;
			sourceTree = "<group>";
		};
		0C0D19EB2944106D007CD72D /* BridgingHeaders */ = {
			isa = PBXGroup;
			children = (
				0C29EA68293C4E1D00F2C0A7 /* fmdb-bridging-header.h */,
			);
			path = BridgingHeaders;
			sourceTree = "<group>";
		};
		0C0D19F5294429FB007CD72D /* Views */ = {
			isa = PBXGroup;
			children = (
				0CADBC72299C365D00A805DD /* TodaysWord.swift */,
				0C0D19EF2944124D007CD72D /* WordView.swift */,
			);
			path = Views;
			sourceTree = "<group>";
		};
		0C0D19F629442A22007CD72D /* Model */ = {
			isa = PBXGroup;
			children = (
				0CADBC6F299C35AE00A805DD /* WordOfTheDay.xcdatamodeld */,
				0CB5FDF82947DF0900DED7D8 /* RefreshManager.swift */,
				16D547F12A017B45007068D4 /* SpeechViewModel.swift */,
				167828B42A041E270088F1CA /* PlayButton.swift */,
				0CADBC6D299C324F00A805DD /* DataController.swift */,
			);
			path = Model;
			sourceTree = "<group>";
		};
		0C88C04F2932EA0E00E17C26 = {
			isa = PBXGroup;
			children = (
				0C88C05B2932EA0F00E17C26 /* ChineseWordOfTheDayApp.swift */,
				A4D947B22A352F9F00617CF6 /* TestLoadJson.xctestplan */,
				A4D947752A351FE000617CF6 /* Support */,
				A4D947742A351FC300617CF6 /* Views */,
				A4D947732A351FB900617CF6 /* Models */,
				0C29EA7E2943F2D700F2C0A7 /* wordOfDayWidgetExtension.entitlements */,
				0CB795312953E432003CEE73 /* Resources */,
				0C0D19EB2944106D007CD72D /* BridgingHeaders */,
				0C88C05A2932EA0E00E17C26 /* ChineseWordOfTheDay */,
				0CB207D9293AD56D0066AC21 /* WordOfDayWidget */,
				0CB5FE0B294D3C0300DED7D8 /* RefreshManagerUnitTests */,
				167828AA2A01801F0088F1CA /* SpeechViewModelDayTests */,
				A4D947822A35220500617CF6 /* words */,
				A4D947902A35220600617CF6 /* wordsTests */,
				A4D947AB2A352E4100617CF6 /* commandLine */,
				0CB207D4293AD56D0066AC21 /* Frameworks */,
				0C88C0592932EA0E00E17C26 /* Products */,
			);
			sourceTree = "<group>";
		};
		0C88C0592932EA0E00E17C26 /* Products */ = {
			isa = PBXGroup;
			children = (
				0C88C0582932EA0E00E17C26 /* ChineseWordOfTheDay.app */,
				0CB207D3293AD56D0066AC21 /* wordOfDayWidgetExtension.appex */,
				0CB5FE0A294D3C0200DED7D8 /* RefreshManagerUnitTests.xctest */,
				167828A92A01801F0088F1CA /* SpeechViewModelDayTests.xctest */,
				A4D947812A35220500617CF6 /* words.framework */,
				A4D9478A2A35220500617CF6 /* wordsTests.xctest */,
				A4D947AA2A352E4100617CF6 /* commandLine */,
			);
			name = Products;
			sourceTree = "<group>";
		};
		0C88C05A2932EA0E00E17C26 /* ChineseWordOfTheDay */ = {
			isa = PBXGroup;
			children = (
				1680549229D6438300425FD6 /* Info.plist */,
				0C0D19F629442A22007CD72D /* Model */,
				0C0D19F5294429FB007CD72D /* Views */,
				0C29EA7D2943F02C00F2C0A7 /* ChineseWordOfTheDay.entitlements */,
				0C88C05F2932EA1000E17C26 /* Assets.xcassets */,
				0CD75FFB29A7E84D0078853D /* AppIcon.appiconset */,
				0C88C0612932EA1000E17C26 /* Preview Content */,
			);
			path = ChineseWordOfTheDay;
			sourceTree = "<group>";
		};
		0C88C0612932EA1000E17C26 /* Preview Content */ = {
			isa = PBXGroup;
			children = (
				0C88C0622932EA1000E17C26 /* Preview Assets.xcassets */,
			);
			path = "Preview Content";
			sourceTree = "<group>";
		};
		0CB207D4293AD56D0066AC21 /* Frameworks */ = {
			isa = PBXGroup;
			children = (
				0CB207D5293AD56D0066AC21 /* WidgetKit.framework */,
				0CB207D7293AD56D0066AC21 /* SwiftUI.framework */,
			);
			name = Frameworks;
			sourceTree = "<group>";
		};
		0CB207D9293AD56D0066AC21 /* WordOfDayWidget */ = {
			isa = PBXGroup;
			children = (
				0CB207DA293AD56D0066AC21 /* wordOfDayWidget.swift */,
				0CB207DC293AD56D0066AC21 /* wordOfDayWidget.intentdefinition */,
				0CB207DD293AD56E0066AC21 /* Assets.xcassets */,
				0CB207DF293AD56E0066AC21 /* Info.plist */,
			);
			path = WordOfDayWidget;
			sourceTree = "<group>";
		};
		0CB5FE0B294D3C0300DED7D8 /* RefreshManagerUnitTests */ = {
			isa = PBXGroup;
			children = (
				0CB5FE0C294D3C0300DED7D8 /* RefreshManagerUnitTests.swift */,
			);
			path = RefreshManagerUnitTests;
			sourceTree = "<group>";
		};
		0CB795312953E432003CEE73 /* Resources */ = {
			isa = PBXGroup;
			children = (
				A47AE2712A3542CF002585F6 /* output.json */,
				0CADBC74299C61F000A805DD /* pos_and_frequency.csv */,
				0C0D19E729440FCD007CD72D /* ProjectFonts */,
			);
			path = Resources;
			sourceTree = "<group>";
		};
		167828AA2A01801F0088F1CA /* SpeechViewModelDayTests */ = {
			isa = PBXGroup;
			children = (
				167828AB2A01801F0088F1CA /* SpeechViewModelDayTests.swift */,
			);
			path = SpeechViewModelDayTests;
			sourceTree = "<group>";
		};
		A4D947732A351FB900617CF6 /* Models */ = {
			isa = PBXGroup;
			children = (
				A4D947A22A35234500617CF6 /* Word.swift */,
			);
			path = Models;
			sourceTree = "<group>";
		};
		A4D947742A351FC300617CF6 /* Views */ = {
			isa = PBXGroup;
			children = (
				A4716A442A356602003D9BC0 /* TestcView.swift */,
			);
			path = Views;
			sourceTree = "<group>";
		};
		A4D947752A351FE000617CF6 /* Support */ = {
			isa = PBXGroup;
			children = (
				0CA9DF9E2A393DD50002EB9E /* default.store */,
				A4D947762A3520F200617CF6 /* Containers.swift */,
			);
			path = Support;
			sourceTree = "<group>";
		};
		A4D947822A35220500617CF6 /* words */ = {
			isa = PBXGroup;
			children = (
				A4D947832A35220500617CF6 /* words.h */,
				A4D947842A35220500617CF6 /* words.docc */,
				A4D9479F2A35221F00617CF6 /* load_words.swift */,
			);
			path = words;
			sourceTree = "<group>";
		};
		A4D947902A35220600617CF6 /* wordsTests */ = {
			isa = PBXGroup;
			children = (
				A4D947912A35220600617CF6 /* wordsTests.swift */,
			);
			path = wordsTests;
			sourceTree = "<group>";
		};
		A4D947AB2A352E4100617CF6 /* commandLine */ = {
			isa = PBXGroup;
			children = (
				A4D947AC2A352E4100617CF6 /* main.swift */,
			);
			path = commandLine;
			sourceTree = "<group>";
		};
/* End PBXGroup section */

/* Begin PBXHeadersBuildPhase section */
		A4D9477C2A35220500617CF6 /* Headers */ = {
			isa = PBXHeadersBuildPhase;
			buildActionMask = 2147483647;
			files = (
				A4D947932A35220600617CF6 /* words.h in Headers */,
			);
			runOnlyForDeploymentPostprocessing = 0;
		};
/* End PBXHeadersBuildPhase section */

/* Begin PBXNativeTarget section */
		0C88C0572932EA0E00E17C26 /* ChineseWordOfTheDay */ = {
			isa = PBXNativeTarget;
			buildConfigurationList = 0C88C07C2932EA1000E17C26 /* Build configuration list for PBXNativeTarget "ChineseWordOfTheDay" */;
			buildPhases = (
				0C1D65512934215F000E667A /* Sources */,
				0C1D655229342164000E667A /* Frameworks */,
				0C88C0562932EA0E00E17C26 /* Resources */,
				0CB207E4293AD56E0066AC21 /* Embed Foundation Extensions */,
				A4D9479B2A35220600617CF6 /* Embed Frameworks */,
			);
			buildRules = (
			);
			dependencies = (
				0CB207E3293AD56E0066AC21 /* PBXTargetDependency */,
				A4D947952A35220600617CF6 /* PBXTargetDependency */,
			);
			name = ChineseWordOfTheDay;
			packageProductDependencies = (
				0C29EA66293C48BB00F2C0A7 /* FMDB */,
				0C9DB8FF299DB8D100E6D4F9 /* SwiftCSV */,
			);
			productName = ChineseWordOfTheDay;
			productReference = 0C88C0582932EA0E00E17C26 /* ChineseWordOfTheDay.app */;
			productType = "com.apple.product-type.application";
		};
		0CB207D2293AD56D0066AC21 /* wordOfDayWidgetExtension */ = {
			isa = PBXNativeTarget;
			buildConfigurationList = 0CB207E8293AD56E0066AC21 /* Build configuration list for PBXNativeTarget "wordOfDayWidgetExtension" */;
			buildPhases = (
				0CB207CF293AD56D0066AC21 /* Sources */,
				0CB207D0293AD56D0066AC21 /* Frameworks */,
				0CB207D1293AD56D0066AC21 /* Resources */,
			);
			buildRules = (
			);
			dependencies = (
			);
			name = wordOfDayWidgetExtension;
			packageProductDependencies = (
				0C29EA762942BD9200F2C0A7 /* FMDB */,
				0CD7600029B02F2D0078853D /* SwiftCSV */,
			);
			productName = wordOfDayWidgetExtension;
			productReference = 0CB207D3293AD56D0066AC21 /* wordOfDayWidgetExtension.appex */;
			productType = "com.apple.product-type.app-extension";
		};
		0CB5FE09294D3C0200DED7D8 /* RefreshManagerUnitTests */ = {
			isa = PBXNativeTarget;
			buildConfigurationList = 0CB5FE10294D3C0300DED7D8 /* Build configuration list for PBXNativeTarget "RefreshManagerUnitTests" */;
			buildPhases = (
				0CB5FE06294D3C0200DED7D8 /* Sources */,
				0CB5FE07294D3C0200DED7D8 /* Frameworks */,
				0CB5FE08294D3C0200DED7D8 /* Resources */,
			);
			buildRules = (
			);
			dependencies = (
				0CB5FE0F294D3C0300DED7D8 /* PBXTargetDependency */,
			);
			name = RefreshManagerUnitTests;
			productName = RefreshManagerUnitTests;
			productReference = 0CB5FE0A294D3C0200DED7D8 /* RefreshManagerUnitTests.xctest */;
			productType = "com.apple.product-type.bundle.unit-test";
		};
		167828A82A01801F0088F1CA /* SpeechViewModelDayTests */ = {
			isa = PBXNativeTarget;
			buildConfigurationList = 167828AF2A01801F0088F1CA /* Build configuration list for PBXNativeTarget "SpeechViewModelDayTests" */;
			buildPhases = (
				167828A52A01801F0088F1CA /* Sources */,
				167828A62A01801F0088F1CA /* Frameworks */,
				167828A72A01801F0088F1CA /* Resources */,
			);
			buildRules = (
			);
			dependencies = (
				167828AE2A01801F0088F1CA /* PBXTargetDependency */,
			);
			name = SpeechViewModelDayTests;
			productName = SpeechViewModelDayTests;
			productReference = 167828A92A01801F0088F1CA /* SpeechViewModelDayTests.xctest */;
			productType = "com.apple.product-type.bundle.unit-test";
		};
		A4D947802A35220500617CF6 /* words */ = {
			isa = PBXNativeTarget;
			buildConfigurationList = A4D947982A35220600617CF6 /* Build configuration list for PBXNativeTarget "words" */;
			buildPhases = (
				A4D9477C2A35220500617CF6 /* Headers */,
				A4D9477D2A35220500617CF6 /* Sources */,
				A4D9477E2A35220500617CF6 /* Frameworks */,
				A4D9477F2A35220500617CF6 /* Resources */,
			);
			buildRules = (
			);
			dependencies = (
			);
			name = words;
			productName = words;
			productReference = A4D947812A35220500617CF6 /* words.framework */;
			productType = "com.apple.product-type.framework";
		};
		A4D947892A35220500617CF6 /* wordsTests */ = {
			isa = PBXNativeTarget;
			buildConfigurationList = A4D9479C2A35220600617CF6 /* Build configuration list for PBXNativeTarget "wordsTests" */;
			buildPhases = (
				A4D947862A35220500617CF6 /* Sources */,
				A4D947872A35220500617CF6 /* Frameworks */,
				A4D947882A35220500617CF6 /* Resources */,
			);
			buildRules = (
			);
			dependencies = (
				A4D9478D2A35220500617CF6 /* PBXTargetDependency */,
				A4D9478F2A35220600617CF6 /* PBXTargetDependency */,
			);
			name = wordsTests;
			productName = wordsTests;
			productReference = A4D9478A2A35220500617CF6 /* wordsTests.xctest */;
			productType = "com.apple.product-type.bundle.unit-test";
		};
		A4D947A92A352E4100617CF6 /* commandLine */ = {
			isa = PBXNativeTarget;
			buildConfigurationList = A4D947AE2A352E4100617CF6 /* Build configuration list for PBXNativeTarget "commandLine" */;
			buildPhases = (
				A4D947A62A352E4100617CF6 /* Sources */,
				A4D947A72A352E4100617CF6 /* Frameworks */,
				A4D947A82A352E4100617CF6 /* CopyFiles */,
			);
			buildRules = (
			);
			dependencies = (
			);
			name = commandLine;
			productName = commandLine;
			productReference = A4D947AA2A352E4100617CF6 /* commandLine */;
			productType = "com.apple.product-type.tool";
		};
/* End PBXNativeTarget section */

/* Begin PBXProject section */
		0C88C0502932EA0E00E17C26 /* Project object */ = {
			isa = PBXProject;
			attributes = {
				BuildIndependentTargetsInParallel = 1;
				LastSwiftUpdateCheck = 1500;
				LastUpgradeCheck = 1500;
				TargetAttributes = {
					0C88C0572932EA0E00E17C26 = {
						CreatedOnToolsVersion = 14.0;
					};
					0CB207D2293AD56D0066AC21 = {
						CreatedOnToolsVersion = 14.0;
					};
					0CB5FE09294D3C0200DED7D8 = {
						CreatedOnToolsVersion = 14.0;
						TestTargetID = 0C88C0572932EA0E00E17C26;
					};
					167828A82A01801F0088F1CA = {
						CreatedOnToolsVersion = 14.2;
						TestTargetID = 0C88C0572932EA0E00E17C26;
					};
					A4D947802A35220500617CF6 = {
						CreatedOnToolsVersion = 15.0;
					};
					A4D947892A35220500617CF6 = {
						CreatedOnToolsVersion = 15.0;
					};
					A4D947A92A352E4100617CF6 = {
						CreatedOnToolsVersion = 15.0;
					};
				};
			};
			buildConfigurationList = 0C88C0532932EA0E00E17C26 /* Build configuration list for PBXProject "ChineseWordOfTheDay" */;
			compatibilityVersion = "Xcode 14.0";
			developmentRegion = en;
			hasScannedForEncodings = 0;
			knownRegions = (
				en,
				Base,
			);
			mainGroup = 0C88C04F2932EA0E00E17C26;
			packageReferences = (
				0C29EA65293C48BB00F2C0A7 /* XCRemoteSwiftPackageReference "fmdb" */,
				0C9DB8FE299DB8D100E6D4F9 /* XCRemoteSwiftPackageReference "SwiftCSV" */,
			);
			productRefGroup = 0C88C0592932EA0E00E17C26 /* Products */;
			projectDirPath = "";
			projectRoot = "";
			targets = (
				0C88C0572932EA0E00E17C26 /* ChineseWordOfTheDay */,
				0CB207D2293AD56D0066AC21 /* wordOfDayWidgetExtension */,
				0CB5FE09294D3C0200DED7D8 /* RefreshManagerUnitTests */,
				167828A82A01801F0088F1CA /* SpeechViewModelDayTests */,
				A4D947802A35220500617CF6 /* words */,
				A4D947892A35220500617CF6 /* wordsTests */,
				A4D947A92A352E4100617CF6 /* commandLine */,
			);
		};
/* End PBXProject section */

/* Begin PBXResourcesBuildPhase section */
		0C88C0562932EA0E00E17C26 /* Resources */ = {
			isa = PBXResourcesBuildPhase;
			buildActionMask = 2147483647;
			files = (
				0CA9DF9F2A393DD50002EB9E /* default.store in Resources */,
				0C88C0632932EA1000E17C26 /* Preview Assets.xcassets in Resources */,
				0C88C0602932EA1000E17C26 /* Assets.xcassets in Resources */,
				A4716A462A3567C2003D9BC0 /* output.json in Resources */,
				0CADBC75299C61F000A805DD /* pos_and_frequency.csv in Resources */,
				0C0D19F329441627007CD72D /* kaiu.ttf in Resources */,
				0CD75FFC29A7E84D0078853D /* AppIcon.appiconset in Resources */,
			);
			runOnlyForDeploymentPostprocessing = 0;
		};
		0CB207D1293AD56D0066AC21 /* Resources */ = {
			isa = PBXResourcesBuildPhase;
			buildActionMask = 2147483647;
			files = (
				0CC0E78729BA4409005C3ED4 /* pos_and_frequency.csv in Resources */,
				0CD75FFD29A7E84D0078853D /* AppIcon.appiconset in Resources */,
				0C0D19F429441628007CD72D /* kaiu.ttf in Resources */,
				0CB207DE293AD56E0066AC21 /* Assets.xcassets in Resources */,
			);
			runOnlyForDeploymentPostprocessing = 0;
		};
		0CB5FE08294D3C0200DED7D8 /* Resources */ = {
			isa = PBXResourcesBuildPhase;
			buildActionMask = 2147483647;
			files = (
			);
			runOnlyForDeploymentPostprocessing = 0;
		};
		167828A72A01801F0088F1CA /* Resources */ = {
			isa = PBXResourcesBuildPhase;
			buildActionMask = 2147483647;
			files = (
			);
			runOnlyForDeploymentPostprocessing = 0;
		};
		A4D9477F2A35220500617CF6 /* Resources */ = {
			isa = PBXResourcesBuildPhase;
			buildActionMask = 2147483647;
			files = (
			);
			runOnlyForDeploymentPostprocessing = 0;
		};
		A4D947882A35220500617CF6 /* Resources */ = {
			isa = PBXResourcesBuildPhase;
			buildActionMask = 2147483647;
			files = (
			);
			runOnlyForDeploymentPostprocessing = 0;
		};
/* End PBXResourcesBuildPhase section */

/* Begin PBXSourcesBuildPhase section */
		0C1D65512934215F000E667A /* Sources */ = {
			isa = PBXSourcesBuildPhase;
			buildActionMask = 2147483647;
			files = (
				A4D947B32A35304C00617CF6 /* Word.swift in Sources */,
				0C0D19F02944124D007CD72D /* WordView.swift in Sources */,
				A4716A452A356602003D9BC0 /* TestcView.swift in Sources */,
				0CADBC6E299C324F00A805DD /* DataController.swift in Sources */,
				167828B52A041E270088F1CA /* PlayButton.swift in Sources */,
				0CB207E1293AD56E0066AC21 /* wordOfDayWidget.intentdefinition in Sources */,
				0CADBC71299C35AE00A805DD /* WordOfTheDay.xcdatamodeld in Sources */,
				0C1D655729342177000E667A /* ChineseWordOfTheDayApp.swift in Sources */,
				0CADBC73299C365D00A805DD /* TodaysWord.swift in Sources */,
				16D547F22A017B45007068D4 /* SpeechViewModel.swift in Sources */,
				A4D947772A3520F200617CF6 /* Containers.swift in Sources */,
				0CC0E78629B7B462005C3ED4 /* RefreshManager.swift in Sources */,
			);
			runOnlyForDeploymentPostprocessing = 0;
		};
		0CB207CF293AD56D0066AC21 /* Sources */ = {
			isa = PBXSourcesBuildPhase;
			buildActionMask = 2147483647;
			files = (
				0CD75FFF29B02DC40078853D /* WordOfTheDay.xcdatamodeld in Sources */,
				0CD75FFE29B02D840078853D /* DataController.swift in Sources */,
				A4D947B42A35304D00617CF6 /* Word.swift in Sources */,
				0CB207E0293AD56E0066AC21 /* wordOfDayWidget.intentdefinition in Sources */,
				0CB5FE05294D3B7400DED7D8 /* WordView.swift in Sources */,
				A4D947782A3520F200617CF6 /* Containers.swift in Sources */,
				0CB207DB293AD56D0066AC21 /* wordOfDayWidget.swift in Sources */,
			);
			runOnlyForDeploymentPostprocessing = 0;
		};
		0CB5FE06294D3C0200DED7D8 /* Sources */ = {
			isa = PBXSourcesBuildPhase;
			buildActionMask = 2147483647;
			files = (
				0CB5FE0D294D3C0300DED7D8 /* RefreshManagerUnitTests.swift in Sources */,
				0CB5FE13294D3C2000DED7D8 /* RefreshManager.swift in Sources */,
				0CC0E78529B7B3B0005C3ED4 /* WordOfTheDay.xcdatamodeld in Sources */,
			);
			runOnlyForDeploymentPostprocessing = 0;
		};
		167828A52A01801F0088F1CA /* Sources */ = {
			isa = PBXSourcesBuildPhase;
			buildActionMask = 2147483647;
			files = (
				167828B32A0182610088F1CA /* SpeechViewModel.swift in Sources */,
				167828AC2A01801F0088F1CA /* SpeechViewModelDayTests.swift in Sources */,
			);
			runOnlyForDeploymentPostprocessing = 0;
		};
		A4D9477D2A35220500617CF6 /* Sources */ = {
			isa = PBXSourcesBuildPhase;
			buildActionMask = 2147483647;
			files = (
				A4D947852A35220500617CF6 /* words.docc in Sources */,
				A4D947B52A35309400617CF6 /* Word.swift in Sources */,
				A4D947A02A35221F00617CF6 /* load_words.swift in Sources */,
				A4D947B12A352E6C00617CF6 /* main.swift in Sources */,
			);
			runOnlyForDeploymentPostprocessing = 0;
		};
		A4D947862A35220500617CF6 /* Sources */ = {
			isa = PBXSourcesBuildPhase;
			buildActionMask = 2147483647;
			files = (
				A4D947922A35220600617CF6 /* wordsTests.swift in Sources */,
			);
			runOnlyForDeploymentPostprocessing = 0;
		};
		A4D947A62A352E4100617CF6 /* Sources */ = {
			isa = PBXSourcesBuildPhase;
			buildActionMask = 2147483647;
			files = (
				A4D947AD2A352E4100617CF6 /* main.swift in Sources */,
			);
			runOnlyForDeploymentPostprocessing = 0;
		};
/* End PBXSourcesBuildPhase section */

/* Begin PBXTargetDependency section */
		0CB207E3293AD56E0066AC21 /* PBXTargetDependency */ = {
			isa = PBXTargetDependency;
			target = 0CB207D2293AD56D0066AC21 /* wordOfDayWidgetExtension */;
			targetProxy = 0CB207E2293AD56E0066AC21 /* PBXContainerItemProxy */;
		};
		0CB5FE0F294D3C0300DED7D8 /* PBXTargetDependency */ = {
			isa = PBXTargetDependency;
			target = 0C88C0572932EA0E00E17C26 /* ChineseWordOfTheDay */;
			targetProxy = 0CB5FE0E294D3C0300DED7D8 /* PBXContainerItemProxy */;
		};
		167828AE2A01801F0088F1CA /* PBXTargetDependency */ = {
			isa = PBXTargetDependency;
			target = 0C88C0572932EA0E00E17C26 /* ChineseWordOfTheDay */;
			targetProxy = 167828AD2A01801F0088F1CA /* PBXContainerItemProxy */;
		};
		A4D9478D2A35220500617CF6 /* PBXTargetDependency */ = {
			isa = PBXTargetDependency;
			target = A4D947802A35220500617CF6 /* words */;
			targetProxy = A4D9478C2A35220500617CF6 /* PBXContainerItemProxy */;
		};
		A4D9478F2A35220600617CF6 /* PBXTargetDependency */ = {
			isa = PBXTargetDependency;
			target = 0C88C0572932EA0E00E17C26 /* ChineseWordOfTheDay */;
			targetProxy = A4D9478E2A35220600617CF6 /* PBXContainerItemProxy */;
		};
		A4D947952A35220600617CF6 /* PBXTargetDependency */ = {
			isa = PBXTargetDependency;
			target = A4D947802A35220500617CF6 /* words */;
			targetProxy = A4D947942A35220600617CF6 /* PBXContainerItemProxy */;
		};
/* End PBXTargetDependency section */

/* Begin XCBuildConfiguration section */
		0C88C07A2932EA1000E17C26 /* Debug */ = {
			isa = XCBuildConfiguration;
			buildSettings = {
				ALWAYS_SEARCH_USER_PATHS = NO;
				CLANG_ANALYZER_NONNULL = YES;
				CLANG_ANALYZER_NUMBER_OBJECT_CONVERSION = YES_AGGRESSIVE;
				CLANG_CXX_LANGUAGE_STANDARD = "gnu++20";
				CLANG_ENABLE_MODULES = YES;
				CLANG_ENABLE_OBJC_ARC = YES;
				CLANG_ENABLE_OBJC_WEAK = YES;
				CLANG_WARN_BLOCK_CAPTURE_AUTORELEASING = YES;
				CLANG_WARN_BOOL_CONVERSION = YES;
				CLANG_WARN_COMMA = YES;
				CLANG_WARN_CONSTANT_CONVERSION = YES;
				CLANG_WARN_DEPRECATED_OBJC_IMPLEMENTATIONS = YES;
				CLANG_WARN_DIRECT_OBJC_ISA_USAGE = YES_ERROR;
				CLANG_WARN_DOCUMENTATION_COMMENTS = YES;
				CLANG_WARN_EMPTY_BODY = YES;
				CLANG_WARN_ENUM_CONVERSION = YES;
				CLANG_WARN_INFINITE_RECURSION = YES;
				CLANG_WARN_INT_CONVERSION = YES;
				CLANG_WARN_NON_LITERAL_NULL_CONVERSION = YES;
				CLANG_WARN_OBJC_IMPLICIT_RETAIN_SELF = YES;
				CLANG_WARN_OBJC_LITERAL_CONVERSION = YES;
				CLANG_WARN_OBJC_ROOT_CLASS = YES_ERROR;
				CLANG_WARN_QUOTED_INCLUDE_IN_FRAMEWORK_HEADER = YES;
				CLANG_WARN_RANGE_LOOP_ANALYSIS = YES;
				CLANG_WARN_STRICT_PROTOTYPES = YES;
				CLANG_WARN_SUSPICIOUS_MOVE = YES;
				CLANG_WARN_UNGUARDED_AVAILABILITY = YES_AGGRESSIVE;
				CLANG_WARN_UNREACHABLE_CODE = YES;
				CLANG_WARN__DUPLICATE_METHOD_MATCH = YES;
				COPY_PHASE_STRIP = NO;
				DEBUG_INFORMATION_FORMAT = dwarf;
				ENABLE_STRICT_OBJC_MSGSEND = YES;
				ENABLE_TESTABILITY = YES;
				GCC_C_LANGUAGE_STANDARD = gnu11;
				GCC_DYNAMIC_NO_PIC = NO;
				GCC_NO_COMMON_BLOCKS = YES;
				GCC_OPTIMIZATION_LEVEL = 0;
				GCC_PREPROCESSOR_DEFINITIONS = (
					"DEBUG=1",
					"$(inherited)",
				);
				GCC_WARN_64_TO_32_BIT_CONVERSION = YES;
				GCC_WARN_ABOUT_RETURN_TYPE = YES_ERROR;
				GCC_WARN_UNDECLARED_SELECTOR = YES;
				GCC_WARN_UNINITIALIZED_AUTOS = YES_AGGRESSIVE;
				GCC_WARN_UNUSED_FUNCTION = YES;
				GCC_WARN_UNUSED_VARIABLE = YES;
				IPHONEOS_DEPLOYMENT_TARGET = 16.2;
				MTL_ENABLE_DEBUG_INFO = INCLUDE_SOURCE;
				MTL_FAST_MATH = YES;
				ONLY_ACTIVE_ARCH = YES;
				SDKROOT = iphoneos;
				SWIFT_ACTIVE_COMPILATION_CONDITIONS = DEBUG;
				SWIFT_OPTIMIZATION_LEVEL = "-Onone";
			};
			name = Debug;
		};
		0C88C07B2932EA1000E17C26 /* Release */ = {
			isa = XCBuildConfiguration;
			buildSettings = {
				ALWAYS_SEARCH_USER_PATHS = NO;
				CLANG_ANALYZER_NONNULL = YES;
				CLANG_ANALYZER_NUMBER_OBJECT_CONVERSION = YES_AGGRESSIVE;
				CLANG_CXX_LANGUAGE_STANDARD = "gnu++20";
				CLANG_ENABLE_MODULES = YES;
				CLANG_ENABLE_OBJC_ARC = YES;
				CLANG_ENABLE_OBJC_WEAK = YES;
				CLANG_WARN_BLOCK_CAPTURE_AUTORELEASING = YES;
				CLANG_WARN_BOOL_CONVERSION = YES;
				CLANG_WARN_COMMA = YES;
				CLANG_WARN_CONSTANT_CONVERSION = YES;
				CLANG_WARN_DEPRECATED_OBJC_IMPLEMENTATIONS = YES;
				CLANG_WARN_DIRECT_OBJC_ISA_USAGE = YES_ERROR;
				CLANG_WARN_DOCUMENTATION_COMMENTS = YES;
				CLANG_WARN_EMPTY_BODY = YES;
				CLANG_WARN_ENUM_CONVERSION = YES;
				CLANG_WARN_INFINITE_RECURSION = YES;
				CLANG_WARN_INT_CONVERSION = YES;
				CLANG_WARN_NON_LITERAL_NULL_CONVERSION = YES;
				CLANG_WARN_OBJC_IMPLICIT_RETAIN_SELF = YES;
				CLANG_WARN_OBJC_LITERAL_CONVERSION = YES;
				CLANG_WARN_OBJC_ROOT_CLASS = YES_ERROR;
				CLANG_WARN_QUOTED_INCLUDE_IN_FRAMEWORK_HEADER = YES;
				CLANG_WARN_RANGE_LOOP_ANALYSIS = YES;
				CLANG_WARN_STRICT_PROTOTYPES = YES;
				CLANG_WARN_SUSPICIOUS_MOVE = YES;
				CLANG_WARN_UNGUARDED_AVAILABILITY = YES_AGGRESSIVE;
				CLANG_WARN_UNREACHABLE_CODE = YES;
				CLANG_WARN__DUPLICATE_METHOD_MATCH = YES;
				COPY_PHASE_STRIP = NO;
				DEBUG_INFORMATION_FORMAT = "dwarf-with-dsym";
				ENABLE_NS_ASSERTIONS = NO;
				ENABLE_STRICT_OBJC_MSGSEND = YES;
				GCC_C_LANGUAGE_STANDARD = gnu11;
				GCC_NO_COMMON_BLOCKS = YES;
				GCC_WARN_64_TO_32_BIT_CONVERSION = YES;
				GCC_WARN_ABOUT_RETURN_TYPE = YES_ERROR;
				GCC_WARN_UNDECLARED_SELECTOR = YES;
				GCC_WARN_UNINITIALIZED_AUTOS = YES_AGGRESSIVE;
				GCC_WARN_UNUSED_FUNCTION = YES;
				GCC_WARN_UNUSED_VARIABLE = YES;
				IPHONEOS_DEPLOYMENT_TARGET = 16.2;
				MTL_ENABLE_DEBUG_INFO = NO;
				MTL_FAST_MATH = YES;
				SDKROOT = iphoneos;
				SWIFT_COMPILATION_MODE = wholemodule;
				SWIFT_OPTIMIZATION_LEVEL = "-O";
				VALIDATE_PRODUCT = YES;
			};
			name = Release;
		};
		0C88C07D2932EA1000E17C26 /* Debug */ = {
			isa = XCBuildConfiguration;
			buildSettings = {
				ALWAYS_EMBED_SWIFT_STANDARD_LIBRARIES = YES;
				ASSETCATALOG_COMPILER_APPICON_NAME = AppIcon;
				ASSETCATALOG_COMPILER_GLOBAL_ACCENT_COLOR_NAME = AccentColor;
				CODE_SIGN_ENTITLEMENTS = ChineseWordOfTheDay/ChineseWordOfTheDay.entitlements;
				CODE_SIGN_STYLE = Automatic;
				CURRENT_PROJECT_VERSION = 1;
				DEVELOPMENT_ASSET_PATHS = "\"ChineseWordOfTheDay/Preview Content\"";
				DEVELOPMENT_TEAM = SU6X47WC59;
				ENABLE_PREVIEWS = YES;
				GENERATE_INFOPLIST_FILE = YES;
				INFOPLIST_FILE = ChineseWordOfTheDay/Info.plist;
				INFOPLIST_KEY_CFBundleDisplayName = Waabl;
				INFOPLIST_KEY_LSApplicationCategoryType = "public.app-category.education";
				INFOPLIST_KEY_UIApplicationSupportsIndirectInputEvents = YES;
				INFOPLIST_KEY_UILaunchScreen_Generation = YES;
				INFOPLIST_KEY_UISupportedInterfaceOrientations_iPad = "UIInterfaceOrientationPortrait UIInterfaceOrientationPortraitUpsideDown UIInterfaceOrientationLandscapeLeft UIInterfaceOrientationLandscapeRight";
				INFOPLIST_KEY_UISupportedInterfaceOrientations_iPhone = "UIInterfaceOrientationPortrait UIInterfaceOrientationLandscapeLeft UIInterfaceOrientationLandscapeRight";
				IPHONEOS_DEPLOYMENT_TARGET = 17.0;
				LD_RUNPATH_SEARCH_PATHS = (
					"$(inherited)",
					"@executable_path/Frameworks",
				);
				MARKETING_VERSION = 1.0;
				PRODUCT_BUNDLE_IDENTIFIER = matthedm.ChineseWordOfTheDay;
				PRODUCT_NAME = "$(TARGET_NAME)";
				SWIFT_EMIT_LOC_STRINGS = YES;
				SWIFT_VERSION = 5.0;
				TARGETED_DEVICE_FAMILY = "1,2";
			};
			name = Debug;
		};
		0C88C07E2932EA1000E17C26 /* Release */ = {
			isa = XCBuildConfiguration;
			buildSettings = {
				ALWAYS_EMBED_SWIFT_STANDARD_LIBRARIES = YES;
				ASSETCATALOG_COMPILER_APPICON_NAME = AppIcon;
				ASSETCATALOG_COMPILER_GLOBAL_ACCENT_COLOR_NAME = AccentColor;
				CODE_SIGN_ENTITLEMENTS = ChineseWordOfTheDay/ChineseWordOfTheDay.entitlements;
				CODE_SIGN_STYLE = Automatic;
				CURRENT_PROJECT_VERSION = 1;
				DEVELOPMENT_ASSET_PATHS = "\"ChineseWordOfTheDay/Preview Content\"";
				DEVELOPMENT_TEAM = SU6X47WC59;
				ENABLE_PREVIEWS = YES;
				GENERATE_INFOPLIST_FILE = YES;
				INFOPLIST_FILE = ChineseWordOfTheDay/Info.plist;
				INFOPLIST_KEY_CFBundleDisplayName = Waabl;
				INFOPLIST_KEY_LSApplicationCategoryType = "public.app-category.education";
				INFOPLIST_KEY_UIApplicationSupportsIndirectInputEvents = YES;
				INFOPLIST_KEY_UILaunchScreen_Generation = YES;
				INFOPLIST_KEY_UISupportedInterfaceOrientations_iPad = "UIInterfaceOrientationPortrait UIInterfaceOrientationPortraitUpsideDown UIInterfaceOrientationLandscapeLeft UIInterfaceOrientationLandscapeRight";
				INFOPLIST_KEY_UISupportedInterfaceOrientations_iPhone = "UIInterfaceOrientationPortrait UIInterfaceOrientationLandscapeLeft UIInterfaceOrientationLandscapeRight";
				IPHONEOS_DEPLOYMENT_TARGET = 17.0;
				LD_RUNPATH_SEARCH_PATHS = (
					"$(inherited)",
					"@executable_path/Frameworks",
				);
				MARKETING_VERSION = 1.0;
				PRODUCT_BUNDLE_IDENTIFIER = matthedm.ChineseWordOfTheDay;
				PRODUCT_NAME = "$(TARGET_NAME)";
				SWIFT_EMIT_LOC_STRINGS = YES;
				SWIFT_VERSION = 5.0;
				TARGETED_DEVICE_FAMILY = "1,2";
			};
			name = Release;
		};
		0CB207E6293AD56E0066AC21 /* Debug */ = {
			isa = XCBuildConfiguration;
			buildSettings = {
				ASSETCATALOG_COMPILER_GLOBAL_ACCENT_COLOR_NAME = AccentColor;
				ASSETCATALOG_COMPILER_WIDGET_BACKGROUND_COLOR_NAME = WidgetBackground;
				CODE_SIGN_ENTITLEMENTS = wordOfDayWidgetExtension.entitlements;
				CODE_SIGN_STYLE = Automatic;
				CURRENT_PROJECT_VERSION = 1;
				DEVELOPMENT_TEAM = SU6X47WC59;
				GENERATE_INFOPLIST_FILE = YES;
				INFOPLIST_FILE = wordOfDayWidget/Info.plist;
				INFOPLIST_KEY_CFBundleDisplayName = wordOfDayWidget;
				INFOPLIST_KEY_NSHumanReadableCopyright = "";
				IPHONEOS_DEPLOYMENT_TARGET = 17.0;
				LD_RUNPATH_SEARCH_PATHS = (
					"$(inherited)",
					"@executable_path/Frameworks",
					"@executable_path/../../Frameworks",
				);
				MARKETING_VERSION = 1.0;
				PRODUCT_BUNDLE_IDENTIFIER = matthedm.ChineseWordOfTheDay.wordOfDayWidget;
				PRODUCT_NAME = "$(TARGET_NAME)";
				SKIP_INSTALL = YES;
				SWIFT_EMIT_LOC_STRINGS = YES;
				SWIFT_VERSION = 5.0;
				TARGETED_DEVICE_FAMILY = "1,2";
			};
			name = Debug;
		};
		0CB207E7293AD56E0066AC21 /* Release */ = {
			isa = XCBuildConfiguration;
			buildSettings = {
				ASSETCATALOG_COMPILER_GLOBAL_ACCENT_COLOR_NAME = AccentColor;
				ASSETCATALOG_COMPILER_WIDGET_BACKGROUND_COLOR_NAME = WidgetBackground;
				CODE_SIGN_ENTITLEMENTS = wordOfDayWidgetExtension.entitlements;
				CODE_SIGN_STYLE = Automatic;
				CURRENT_PROJECT_VERSION = 1;
				DEVELOPMENT_TEAM = SU6X47WC59;
				GENERATE_INFOPLIST_FILE = YES;
				INFOPLIST_FILE = wordOfDayWidget/Info.plist;
				INFOPLIST_KEY_CFBundleDisplayName = wordOfDayWidget;
				INFOPLIST_KEY_NSHumanReadableCopyright = "";
				IPHONEOS_DEPLOYMENT_TARGET = 17.0;
				LD_RUNPATH_SEARCH_PATHS = (
					"$(inherited)",
					"@executable_path/Frameworks",
					"@executable_path/../../Frameworks",
				);
				MARKETING_VERSION = 1.0;
				PRODUCT_BUNDLE_IDENTIFIER = matthedm.ChineseWordOfTheDay.wordOfDayWidget;
				PRODUCT_NAME = "$(TARGET_NAME)";
				SKIP_INSTALL = YES;
				SWIFT_EMIT_LOC_STRINGS = YES;
				SWIFT_VERSION = 5.0;
				TARGETED_DEVICE_FAMILY = "1,2";
			};
			name = Release;
		};
		0CB5FE11294D3C0300DED7D8 /* Debug */ = {
			isa = XCBuildConfiguration;
			buildSettings = {
				BUNDLE_LOADER = "$(TEST_HOST)";
				CODE_SIGN_STYLE = Automatic;
				CURRENT_PROJECT_VERSION = 1;
				DEVELOPMENT_TEAM = SU6X47WC59;
				GENERATE_INFOPLIST_FILE = YES;
				IPHONEOS_DEPLOYMENT_TARGET = 17.0;
				MARKETING_VERSION = 1.0;
				PRODUCT_BUNDLE_IDENTIFIER = matthedm.RefreshManagerUnitTests;
				PRODUCT_NAME = "$(TARGET_NAME)";
				SWIFT_EMIT_LOC_STRINGS = NO;
				SWIFT_VERSION = 5.0;
				TARGETED_DEVICE_FAMILY = "1,2";
				TEST_HOST = "$(BUILT_PRODUCTS_DIR)/ChineseWordOfTheDay.app/$(BUNDLE_EXECUTABLE_FOLDER_PATH)/ChineseWordOfTheDay";
			};
			name = Debug;
		};
		0CB5FE12294D3C0300DED7D8 /* Release */ = {
			isa = XCBuildConfiguration;
			buildSettings = {
				BUNDLE_LOADER = "$(TEST_HOST)";
				CODE_SIGN_STYLE = Automatic;
				CURRENT_PROJECT_VERSION = 1;
				DEVELOPMENT_TEAM = SU6X47WC59;
				GENERATE_INFOPLIST_FILE = YES;
				IPHONEOS_DEPLOYMENT_TARGET = 17.0;
				MARKETING_VERSION = 1.0;
				PRODUCT_BUNDLE_IDENTIFIER = matthedm.RefreshManagerUnitTests;
				PRODUCT_NAME = "$(TARGET_NAME)";
				SWIFT_EMIT_LOC_STRINGS = NO;
				SWIFT_VERSION = 5.0;
				TARGETED_DEVICE_FAMILY = "1,2";
				TEST_HOST = "$(BUILT_PRODUCTS_DIR)/ChineseWordOfTheDay.app/$(BUNDLE_EXECUTABLE_FOLDER_PATH)/ChineseWordOfTheDay";
			};
			name = Release;
		};
		167828B02A01801F0088F1CA /* Debug */ = {
			isa = XCBuildConfiguration;
			buildSettings = {
				BUNDLE_LOADER = "$(TEST_HOST)";
				CODE_SIGN_STYLE = Automatic;
				CURRENT_PROJECT_VERSION = 1;
				DEVELOPMENT_TEAM = SU6X47WC59;
				GENERATE_INFOPLIST_FILE = YES;
				IPHONEOS_DEPLOYMENT_TARGET = 17.0;
				MARKETING_VERSION = 1.0;
				PRODUCT_BUNDLE_IDENTIFIER = matthedm.SpeechViewModelDayTests;
				PRODUCT_NAME = "$(TARGET_NAME)";
				SWIFT_EMIT_LOC_STRINGS = NO;
				SWIFT_VERSION = 5.0;
				TARGETED_DEVICE_FAMILY = "1,2";
				TEST_HOST = "$(BUILT_PRODUCTS_DIR)/ChineseWordOfTheDay.app/$(BUNDLE_EXECUTABLE_FOLDER_PATH)/ChineseWordOfTheDay";
			};
			name = Debug;
		};
		167828B12A01801F0088F1CA /* Release */ = {
			isa = XCBuildConfiguration;
			buildSettings = {
				BUNDLE_LOADER = "$(TEST_HOST)";
				CODE_SIGN_STYLE = Automatic;
				CURRENT_PROJECT_VERSION = 1;
				DEVELOPMENT_TEAM = SU6X47WC59;
				GENERATE_INFOPLIST_FILE = YES;
				IPHONEOS_DEPLOYMENT_TARGET = 17.0;
				MARKETING_VERSION = 1.0;
				PRODUCT_BUNDLE_IDENTIFIER = matthedm.SpeechViewModelDayTests;
				PRODUCT_NAME = "$(TARGET_NAME)";
				SWIFT_EMIT_LOC_STRINGS = NO;
				SWIFT_VERSION = 5.0;
				TARGETED_DEVICE_FAMILY = "1,2";
				TEST_HOST = "$(BUILT_PRODUCTS_DIR)/ChineseWordOfTheDay.app/$(BUNDLE_EXECUTABLE_FOLDER_PATH)/ChineseWordOfTheDay";
			};
			name = Release;
		};
		A4D947992A35220600617CF6 /* Debug */ = {
			isa = XCBuildConfiguration;
			buildSettings = {
				ASSETCATALOG_COMPILER_GENERATE_SWIFT_ASSET_SYMBOL_EXTENSIONS = YES;
				CODE_SIGN_IDENTITY = "";
				CODE_SIGN_STYLE = Automatic;
				CURRENT_PROJECT_VERSION = 1;
				DEAD_CODE_STRIPPING = YES;
				DEFINES_MODULE = YES;
				DEVELOPMENT_TEAM = SU6X47WC59;
				DYLIB_COMPATIBILITY_VERSION = 1;
				DYLIB_CURRENT_VERSION = 1;
				DYLIB_INSTALL_NAME_BASE = "@rpath";
				ENABLE_MODULE_VERIFIER = YES;
				ENABLE_USER_SCRIPT_SANDBOXING = YES;
				GCC_C_LANGUAGE_STANDARD = gnu17;
				GENERATE_INFOPLIST_FILE = YES;
				INFOPLIST_KEY_NSHumanReadableCopyright = "";
				INSTALL_PATH = "$(LOCAL_LIBRARY_DIR)/Frameworks";
				IPHONEOS_DEPLOYMENT_TARGET = 17.0;
				LD_RUNPATH_SEARCH_PATHS = (
					"@executable_path/Frameworks",
					"@loader_path/Frameworks",
				);
				"LD_RUNPATH_SEARCH_PATHS[sdk=macosx*]" = (
					"@executable_path/../Frameworks",
					"@loader_path/Frameworks",
				);
				LOCALIZATION_PREFERS_STRING_CATALOGS = YES;
				MACOSX_DEPLOYMENT_TARGET = 13.4;
				MARKETING_VERSION = 1.0;
				MODULE_VERIFIER_SUPPORTED_LANGUAGES = "objective-c objective-c++";
				MODULE_VERIFIER_SUPPORTED_LANGUAGE_STANDARDS = "gnu17 gnu++20";
				PRODUCT_BUNDLE_IDENTIFIER = matthedm.words;
				PRODUCT_NAME = "$(TARGET_NAME:c99extidentifier)";
				SDKROOT = auto;
				SKIP_INSTALL = YES;
				SUPPORTED_PLATFORMS = "iphoneos iphonesimulator macosx";
				SWIFT_ACTIVE_COMPILATION_CONDITIONS = "DEBUG $(inherited)";
				SWIFT_EMIT_LOC_STRINGS = YES;
				SWIFT_VERSION = 5.0;
				TARGETED_DEVICE_FAMILY = "1,2";
				VERSIONING_SYSTEM = "apple-generic";
				VERSION_INFO_PREFIX = "";
			};
			name = Debug;
		};
		A4D9479A2A35220600617CF6 /* Release */ = {
			isa = XCBuildConfiguration;
			buildSettings = {
				ASSETCATALOG_COMPILER_GENERATE_SWIFT_ASSET_SYMBOL_EXTENSIONS = YES;
				CODE_SIGN_IDENTITY = "";
				CODE_SIGN_STYLE = Automatic;
				CURRENT_PROJECT_VERSION = 1;
				DEAD_CODE_STRIPPING = YES;
				DEFINES_MODULE = YES;
				DEVELOPMENT_TEAM = SU6X47WC59;
				DYLIB_COMPATIBILITY_VERSION = 1;
				DYLIB_CURRENT_VERSION = 1;
				DYLIB_INSTALL_NAME_BASE = "@rpath";
				ENABLE_MODULE_VERIFIER = YES;
				ENABLE_USER_SCRIPT_SANDBOXING = YES;
				GCC_C_LANGUAGE_STANDARD = gnu17;
				GENERATE_INFOPLIST_FILE = YES;
				INFOPLIST_KEY_NSHumanReadableCopyright = "";
				INSTALL_PATH = "$(LOCAL_LIBRARY_DIR)/Frameworks";
				IPHONEOS_DEPLOYMENT_TARGET = 17.0;
				LD_RUNPATH_SEARCH_PATHS = (
					"@executable_path/Frameworks",
					"@loader_path/Frameworks",
				);
				"LD_RUNPATH_SEARCH_PATHS[sdk=macosx*]" = (
					"@executable_path/../Frameworks",
					"@loader_path/Frameworks",
				);
				LOCALIZATION_PREFERS_STRING_CATALOGS = YES;
				MACOSX_DEPLOYMENT_TARGET = 13.4;
				MARKETING_VERSION = 1.0;
				MODULE_VERIFIER_SUPPORTED_LANGUAGES = "objective-c objective-c++";
				MODULE_VERIFIER_SUPPORTED_LANGUAGE_STANDARDS = "gnu17 gnu++20";
				PRODUCT_BUNDLE_IDENTIFIER = matthedm.words;
				PRODUCT_NAME = "$(TARGET_NAME:c99extidentifier)";
				SDKROOT = auto;
				SKIP_INSTALL = YES;
				SUPPORTED_PLATFORMS = "iphoneos iphonesimulator macosx";
				SWIFT_EMIT_LOC_STRINGS = YES;
				SWIFT_VERSION = 5.0;
				TARGETED_DEVICE_FAMILY = "1,2";
				VERSIONING_SYSTEM = "apple-generic";
				VERSION_INFO_PREFIX = "";
			};
			name = Release;
		};
		A4D9479D2A35220600617CF6 /* Debug */ = {
			isa = XCBuildConfiguration;
			buildSettings = {
				ALWAYS_EMBED_SWIFT_STANDARD_LIBRARIES = YES;
				ASSETCATALOG_COMPILER_GENERATE_SWIFT_ASSET_SYMBOL_EXTENSIONS = YES;
				CODE_SIGN_STYLE = Automatic;
				CURRENT_PROJECT_VERSION = 1;
				DEAD_CODE_STRIPPING = YES;
				ENABLE_USER_SCRIPT_SANDBOXING = YES;
				GCC_C_LANGUAGE_STANDARD = gnu17;
				GENERATE_INFOPLIST_FILE = YES;
				IPHONEOS_DEPLOYMENT_TARGET = 17.0;
				LOCALIZATION_PREFERS_STRING_CATALOGS = YES;
				MACOSX_DEPLOYMENT_TARGET = 13.4;
				MARKETING_VERSION = 1.0;
				PRODUCT_BUNDLE_IDENTIFIER = matthedm.wordsTests;
				PRODUCT_NAME = "$(TARGET_NAME)";
				SDKROOT = auto;
				SUPPORTED_PLATFORMS = "iphoneos iphonesimulator macosx";
				SWIFT_ACTIVE_COMPILATION_CONDITIONS = "DEBUG $(inherited)";
				SWIFT_EMIT_LOC_STRINGS = NO;
				SWIFT_VERSION = 5.0;
				TARGETED_DEVICE_FAMILY = "1,2";
			};
			name = Debug;
		};
		A4D9479E2A35220600617CF6 /* Release */ = {
			isa = XCBuildConfiguration;
			buildSettings = {
				ALWAYS_EMBED_SWIFT_STANDARD_LIBRARIES = YES;
				ASSETCATALOG_COMPILER_GENERATE_SWIFT_ASSET_SYMBOL_EXTENSIONS = YES;
				CODE_SIGN_STYLE = Automatic;
				CURRENT_PROJECT_VERSION = 1;
				DEAD_CODE_STRIPPING = YES;
				ENABLE_USER_SCRIPT_SANDBOXING = YES;
				GCC_C_LANGUAGE_STANDARD = gnu17;
				GENERATE_INFOPLIST_FILE = YES;
				IPHONEOS_DEPLOYMENT_TARGET = 17.0;
				LOCALIZATION_PREFERS_STRING_CATALOGS = YES;
				MACOSX_DEPLOYMENT_TARGET = 13.4;
				MARKETING_VERSION = 1.0;
				PRODUCT_BUNDLE_IDENTIFIER = matthedm.wordsTests;
				PRODUCT_NAME = "$(TARGET_NAME)";
				SDKROOT = auto;
				SUPPORTED_PLATFORMS = "iphoneos iphonesimulator macosx";
				SWIFT_EMIT_LOC_STRINGS = NO;
				SWIFT_VERSION = 5.0;
				TARGETED_DEVICE_FAMILY = "1,2";
			};
			name = Release;
		};
		A4D947AF2A352E4100617CF6 /* Debug */ = {
			isa = XCBuildConfiguration;
			buildSettings = {
				ASSETCATALOG_COMPILER_GENERATE_SWIFT_ASSET_SYMBOL_EXTENSIONS = YES;
				CODE_SIGN_STYLE = Automatic;
				DEAD_CODE_STRIPPING = YES;
				ENABLE_USER_SCRIPT_SANDBOXING = YES;
				GCC_C_LANGUAGE_STANDARD = gnu17;
				LOCALIZATION_PREFERS_STRING_CATALOGS = YES;
				MACOSX_DEPLOYMENT_TARGET = 13.4;
				PRODUCT_NAME = "$(TARGET_NAME)";
				SDKROOT = macosx;
				SWIFT_ACTIVE_COMPILATION_CONDITIONS = "DEBUG $(inherited)";
				SWIFT_VERSION = 5.0;
			};
			name = Debug;
		};
		A4D947B02A352E4100617CF6 /* Release */ = {
			isa = XCBuildConfiguration;
			buildSettings = {
				ASSETCATALOG_COMPILER_GENERATE_SWIFT_ASSET_SYMBOL_EXTENSIONS = YES;
				CODE_SIGN_STYLE = Automatic;
				DEAD_CODE_STRIPPING = YES;
				ENABLE_USER_SCRIPT_SANDBOXING = YES;
				GCC_C_LANGUAGE_STANDARD = gnu17;
				LOCALIZATION_PREFERS_STRING_CATALOGS = YES;
				MACOSX_DEPLOYMENT_TARGET = 13.4;
				PRODUCT_NAME = "$(TARGET_NAME)";
				SDKROOT = macosx;
				SWIFT_VERSION = 5.0;
			};
			name = Release;
		};
/* End XCBuildConfiguration section */

/* Begin XCConfigurationList section */
		0C88C0532932EA0E00E17C26 /* Build configuration list for PBXProject "ChineseWordOfTheDay" */ = {
			isa = XCConfigurationList;
			buildConfigurations = (
				0C88C07A2932EA1000E17C26 /* Debug */,
				0C88C07B2932EA1000E17C26 /* Release */,
			);
			defaultConfigurationIsVisible = 0;
			defaultConfigurationName = Release;
		};
		0C88C07C2932EA1000E17C26 /* Build configuration list for PBXNativeTarget "ChineseWordOfTheDay" */ = {
			isa = XCConfigurationList;
			buildConfigurations = (
				0C88C07D2932EA1000E17C26 /* Debug */,
				0C88C07E2932EA1000E17C26 /* Release */,
			);
			defaultConfigurationIsVisible = 0;
			defaultConfigurationName = Release;
		};
		0CB207E8293AD56E0066AC21 /* Build configuration list for PBXNativeTarget "wordOfDayWidgetExtension" */ = {
			isa = XCConfigurationList;
			buildConfigurations = (
				0CB207E6293AD56E0066AC21 /* Debug */,
				0CB207E7293AD56E0066AC21 /* Release */,
			);
			defaultConfigurationIsVisible = 0;
			defaultConfigurationName = Release;
		};
		0CB5FE10294D3C0300DED7D8 /* Build configuration list for PBXNativeTarget "RefreshManagerUnitTests" */ = {
			isa = XCConfigurationList;
			buildConfigurations = (
				0CB5FE11294D3C0300DED7D8 /* Debug */,
				0CB5FE12294D3C0300DED7D8 /* Release */,
			);
			defaultConfigurationIsVisible = 0;
			defaultConfigurationName = Release;
		};
		167828AF2A01801F0088F1CA /* Build configuration list for PBXNativeTarget "SpeechViewModelDayTests" */ = {
			isa = XCConfigurationList;
			buildConfigurations = (
				167828B02A01801F0088F1CA /* Debug */,
				167828B12A01801F0088F1CA /* Release */,
			);
			defaultConfigurationIsVisible = 0;
			defaultConfigurationName = Release;
		};
		A4D947982A35220600617CF6 /* Build configuration list for PBXNativeTarget "words" */ = {
			isa = XCConfigurationList;
			buildConfigurations = (
				A4D947992A35220600617CF6 /* Debug */,
				A4D9479A2A35220600617CF6 /* Release */,
			);
			defaultConfigurationIsVisible = 0;
			defaultConfigurationName = Release;
		};
		A4D9479C2A35220600617CF6 /* Build configuration list for PBXNativeTarget "wordsTests" */ = {
			isa = XCConfigurationList;
			buildConfigurations = (
				A4D9479D2A35220600617CF6 /* Debug */,
				A4D9479E2A35220600617CF6 /* Release */,
			);
			defaultConfigurationIsVisible = 0;
			defaultConfigurationName = Release;
		};
		A4D947AE2A352E4100617CF6 /* Build configuration list for PBXNativeTarget "commandLine" */ = {
			isa = XCConfigurationList;
			buildConfigurations = (
				A4D947AF2A352E4100617CF6 /* Debug */,
				A4D947B02A352E4100617CF6 /* Release */,
			);
			defaultConfigurationIsVisible = 0;
			defaultConfigurationName = Release;
		};
/* End XCConfigurationList section */

/* Begin XCRemoteSwiftPackageReference section */
		0C29EA65293C48BB00F2C0A7 /* XCRemoteSwiftPackageReference "fmdb" */ = {
			isa = XCRemoteSwiftPackageReference;
			repositoryURL = "https://github.com/ccgus/fmdb";
			requirement = {
				branch = master;
				kind = branch;
			};
		};
		0C9DB8FE299DB8D100E6D4F9 /* XCRemoteSwiftPackageReference "SwiftCSV" */ = {
			isa = XCRemoteSwiftPackageReference;
			repositoryURL = "https://github.com/swiftcsv/SwiftCSV";
			requirement = {
				kind = upToNextMajorVersion;
				minimumVersion = 0.8.1;
			};
		};
/* End XCRemoteSwiftPackageReference section */

/* Begin XCSwiftPackageProductDependency section */
		0C29EA66293C48BB00F2C0A7 /* FMDB */ = {
			isa = XCSwiftPackageProductDependency;
			package = 0C29EA65293C48BB00F2C0A7 /* XCRemoteSwiftPackageReference "fmdb" */;
			productName = FMDB;
		};
		0C29EA762942BD9200F2C0A7 /* FMDB */ = {
			isa = XCSwiftPackageProductDependency;
			package = 0C29EA65293C48BB00F2C0A7 /* XCRemoteSwiftPackageReference "fmdb" */;
			productName = FMDB;
		};
		0C9DB8FF299DB8D100E6D4F9 /* SwiftCSV */ = {
			isa = XCSwiftPackageProductDependency;
			package = 0C9DB8FE299DB8D100E6D4F9 /* XCRemoteSwiftPackageReference "SwiftCSV" */;
			productName = SwiftCSV;
		};
		0CD7600029B02F2D0078853D /* SwiftCSV */ = {
			isa = XCSwiftPackageProductDependency;
			package = 0C9DB8FE299DB8D100E6D4F9 /* XCRemoteSwiftPackageReference "SwiftCSV" */;
			productName = SwiftCSV;
		};
/* End XCSwiftPackageProductDependency section */

/* Begin XCVersionGroup section */
		0CADBC6F299C35AE00A805DD /* WordOfTheDay.xcdatamodeld */ = {
			isa = XCVersionGroup;
			children = (
				0CADBC70299C35AE00A805DD /* Model.xcdatamodel */,
			);
			currentVersion = 0CADBC70299C35AE00A805DD /* Model.xcdatamodel */;
			path = WordOfTheDay.xcdatamodeld;
			sourceTree = "<group>";
			versionGroupType = wrapper.xcdatamodel;
		};
/* End XCVersionGroup section */
	};
	rootObject = 0C88C0502932EA0E00E17C26 /* Project object */;
}
