// !$*UTF8*$!
{
	archiveVersion = 1;
	classes = {
	};
	objectVersion = 56;
	objects = {

/* Begin PBXBuildFile section */
		0C0D19F329441627007CD72D /* kaiu.ttf in Resources */ = {isa = PBXBuildFile; fileRef = 0C0D19F229441471007CD72D /* kaiu.ttf */; };
		0C1D655729342177000E667A /* ChineseWordOfTheDayApp.swift in Sources */ = {isa = PBXBuildFile; fileRef = 0C88C05B2932EA0F00E17C26 /* ChineseWordOfTheDayApp.swift */; };
		0C29EA67293C48BB00F2C0A7 /* FMDB in Frameworks */ = {isa = PBXBuildFile; productRef = 0C29EA66293C48BB00F2C0A7 /* FMDB */; };
		0C88C0602932EA1000E17C26 /* Assets.xcassets in Resources */ = {isa = PBXBuildFile; fileRef = 0C88C05F2932EA1000E17C26 /* Assets.xcassets */; };
		0C88C0632932EA1000E17C26 /* Preview Assets.xcassets in Resources */ = {isa = PBXBuildFile; fileRef = 0C88C0622932EA1000E17C26 /* Preview Assets.xcassets */; };
		0C9DB900299DB8D100E6D4F9 /* SwiftCSV in Frameworks */ = {isa = PBXBuildFile; productRef = 0C9DB8FF299DB8D100E6D4F9 /* SwiftCSV */; };
		0CA9DF9F2A393DD50002EB9E /* default.store in Resources */ = {isa = PBXBuildFile; fileRef = 0CA9DF9E2A393DD50002EB9E /* default.store */; };
		0CAA71DB2A3D2507000FDA84 /* WordView.swift in Sources */ = {isa = PBXBuildFile; fileRef = 0CAA71DA2A3D2507000FDA84 /* WordView.swift */; };
		0CAA71DF2A3D2836000FDA84 /* GeometryReaderCentered.swift in Sources */ = {isa = PBXBuildFile; fileRef = 0CAA71DE2A3D2836000FDA84 /* GeometryReaderCentered.swift */; };
		0CADBC71299C35AE00A805DD /* WordOfTheDay.xcdatamodeld in Sources */ = {isa = PBXBuildFile; fileRef = 0CADBC6F299C35AE00A805DD /* WordOfTheDay.xcdatamodeld */; };
		0CADBC75299C61F000A805DD /* pos_and_frequency.csv in Resources */ = {isa = PBXBuildFile; fileRef = 0CADBC74299C61F000A805DD /* pos_and_frequency.csv */; };
		0CB5FE0D294D3C0300DED7D8 /* RefreshManagerUnitTests.swift in Sources */ = {isa = PBXBuildFile; fileRef = 0CB5FE0C294D3C0300DED7D8 /* RefreshManagerUnitTests.swift */; };
		0CB5FE13294D3C2000DED7D8 /* RefreshManager.swift in Sources */ = {isa = PBXBuildFile; fileRef = 0CB5FDF82947DF0900DED7D8 /* RefreshManager.swift */; };
		0CC0E78529B7B3B0005C3ED4 /* WordOfTheDay.xcdatamodeld in Sources */ = {isa = PBXBuildFile; fileRef = 0CADBC6F299C35AE00A805DD /* WordOfTheDay.xcdatamodeld */; };
		0CC0E78629B7B462005C3ED4 /* RefreshManager.swift in Sources */ = {isa = PBXBuildFile; fileRef = 0CB5FDF82947DF0900DED7D8 /* RefreshManager.swift */; };
		0CD75FFC29A7E84D0078853D /* AppIcon.appiconset in Resources */ = {isa = PBXBuildFile; fileRef = 0CD75FFB29A7E84D0078853D /* AppIcon.appiconset */; };
		167828AC2A01801F0088F1CA /* SpeechViewModelDayTests.swift in Sources */ = {isa = PBXBuildFile; fileRef = 167828AB2A01801F0088F1CA /* SpeechViewModelDayTests.swift */; };
		167828B32A0182610088F1CA /* SpeechViewModel.swift in Sources */ = {isa = PBXBuildFile; fileRef = 16D547F12A017B45007068D4 /* SpeechViewModel.swift */; };
		167828B52A041E270088F1CA /* PlayButton.swift in Sources */ = {isa = PBXBuildFile; fileRef = 167828B42A041E270088F1CA /* PlayButton.swift */; };
		16D547F22A017B45007068D4 /* SpeechViewModel.swift in Sources */ = {isa = PBXBuildFile; fileRef = 16D547F12A017B45007068D4 /* SpeechViewModel.swift */; };
		A4716A452A356602003D9BC0 /* TodaysWordView.swift in Sources */ = {isa = PBXBuildFile; fileRef = A4716A442A356602003D9BC0 /* TodaysWordView.swift */; };
		A4716A462A3567C2003D9BC0 /* output.json in Resources */ = {isa = PBXBuildFile; fileRef = A47AE2712A3542CF002585F6 /* output.json */; };
		A4D947772A3520F200617CF6 /* Containers.swift in Sources */ = {isa = PBXBuildFile; fileRef = A4D947762A3520F200617CF6 /* Containers.swift */; };
		A4D947B32A35304C00617CF6 /* Word.swift in Sources */ = {isa = PBXBuildFile; fileRef = A4D947A22A35234500617CF6 /* Word.swift */; };
/* End PBXBuildFile section */

/* Begin PBXContainerItemProxy section */
		0CB5FE0E294D3C0300DED7D8 /* PBXContainerItemProxy */ = {
			isa = PBXContainerItemProxy;
			containerPortal = 0C88C0502932EA0E00E17C26 /* Project object */;
			proxyType = 1;
			remoteGlobalIDString = 0C88C0572932EA0E00E17C26;
			remoteInfo = ChineseWordOfTheDay;
		};
		167828AD2A01801F0088F1CA /* PBXContainerItemProxy */ = {
			isa = PBXContainerItemProxy;
			containerPortal = 0C88C0502932EA0E00E17C26 /* Project object */;
			proxyType = 1;
			remoteGlobalIDString = 0C88C0572932EA0E00E17C26;
			remoteInfo = ChineseWordOfTheDay;
		};
/* End PBXContainerItemProxy section */

/* Begin PBXCopyFilesBuildPhase section */
		0CB207E4293AD56E0066AC21 /* Embed Foundation Extensions */ = {
			isa = PBXCopyFilesBuildPhase;
			buildActionMask = 2147483647;
			dstPath = "";
			dstSubfolderSpec = 13;
			files = (
			);
			name = "Embed Foundation Extensions";
			runOnlyForDeploymentPostprocessing = 0;
		};
		A4D9479B2A35220600617CF6 /* Embed Frameworks */ = {
			isa = PBXCopyFilesBuildPhase;
			buildActionMask = 2147483647;
			dstPath = "";
			dstSubfolderSpec = 10;
			files = (
			);
			name = "Embed Frameworks";
			runOnlyForDeploymentPostprocessing = 0;
		};
/* End PBXCopyFilesBuildPhase section */

/* Begin PBXFileReference section */
		0C0D19F229441471007CD72D /* kaiu.ttf */ = {isa = PBXFileReference; lastKnownFileType = file; path = kaiu.ttf; sourceTree = "<group>"; };
		0C29EA68293C4E1D00F2C0A7 /* fmdb-bridging-header.h */ = {isa = PBXFileReference; lastKnownFileType = sourcecode.c.h; path = "fmdb-bridging-header.h"; sourceTree = "<group>"; };
		0C29EA7D2943F02C00F2C0A7 /* ChineseWordOfTheDay.entitlements */ = {isa = PBXFileReference; lastKnownFileType = text.plist.entitlements; path = ChineseWordOfTheDay.entitlements; sourceTree = "<group>"; };
		0C29EA7E2943F2D700F2C0A7 /* wordOfDayWidgetExtension.entitlements */ = {isa = PBXFileReference; lastKnownFileType = text.plist.entitlements; path = wordOfDayWidgetExtension.entitlements; sourceTree = "<group>"; };
		0C88C0582932EA0E00E17C26 /* ChineseWordOfTheDay.app */ = {isa = PBXFileReference; explicitFileType = wrapper.application; includeInIndex = 0; path = ChineseWordOfTheDay.app; sourceTree = BUILT_PRODUCTS_DIR; };
		0C88C05B2932EA0F00E17C26 /* ChineseWordOfTheDayApp.swift */ = {isa = PBXFileReference; lastKnownFileType = sourcecode.swift; path = ChineseWordOfTheDayApp.swift; sourceTree = "<group>"; };
		0C88C05F2932EA1000E17C26 /* Assets.xcassets */ = {isa = PBXFileReference; lastKnownFileType = folder.assetcatalog; path = Assets.xcassets; sourceTree = "<group>"; };
		0C88C0622932EA1000E17C26 /* Preview Assets.xcassets */ = {isa = PBXFileReference; lastKnownFileType = folder.assetcatalog; path = "Preview Assets.xcassets"; sourceTree = "<group>"; };
		0CA9DF9E2A393DD50002EB9E /* default.store */ = {isa = PBXFileReference; lastKnownFileType = file; path = default.store; sourceTree = "<group>"; };
		0CAA71DA2A3D2507000FDA84 /* WordView.swift */ = {isa = PBXFileReference; lastKnownFileType = sourcecode.swift; path = WordView.swift; sourceTree = "<group>"; };
		0CAA71DE2A3D2836000FDA84 /* GeometryReaderCentered.swift */ = {isa = PBXFileReference; lastKnownFileType = sourcecode.swift; path = GeometryReaderCentered.swift; sourceTree = "<group>"; };
		0CADBC70299C35AE00A805DD /* Model.xcdatamodel */ = {isa = PBXFileReference; lastKnownFileType = wrapper.xcdatamodel; path = Model.xcdatamodel; sourceTree = "<group>"; };
		0CADBC74299C61F000A805DD /* pos_and_frequency.csv */ = {isa = PBXFileReference; fileEncoding = 4; lastKnownFileType = text; path = pos_and_frequency.csv; sourceTree = "<group>"; };
		0CB207D5293AD56D0066AC21 /* WidgetKit.framework */ = {isa = PBXFileReference; lastKnownFileType = wrapper.framework; name = WidgetKit.framework; path = System/Library/Frameworks/WidgetKit.framework; sourceTree = SDKROOT; };
		0CB207D7293AD56D0066AC21 /* SwiftUI.framework */ = {isa = PBXFileReference; lastKnownFileType = wrapper.framework; name = SwiftUI.framework; path = System/Library/Frameworks/SwiftUI.framework; sourceTree = SDKROOT; };
		0CB5FDF82947DF0900DED7D8 /* RefreshManager.swift */ = {isa = PBXFileReference; lastKnownFileType = sourcecode.swift; path = RefreshManager.swift; sourceTree = "<group>"; };
		0CB5FE0A294D3C0200DED7D8 /* RefreshManagerUnitTests.xctest */ = {isa = PBXFileReference; explicitFileType = wrapper.cfbundle; includeInIndex = 0; path = RefreshManagerUnitTests.xctest; sourceTree = BUILT_PRODUCTS_DIR; };
		0CB5FE0C294D3C0300DED7D8 /* RefreshManagerUnitTests.swift */ = {isa = PBXFileReference; lastKnownFileType = sourcecode.swift; path = RefreshManagerUnitTests.swift; sourceTree = "<group>"; };
		0CD75FFB29A7E84D0078853D /* AppIcon.appiconset */ = {isa = PBXFileReference; lastKnownFileType = folder; path = AppIcon.appiconset; sourceTree = "<group>"; };
		167828A92A01801F0088F1CA /* SpeechViewModelDayTests.xctest */ = {isa = PBXFileReference; explicitFileType = wrapper.cfbundle; includeInIndex = 0; path = SpeechViewModelDayTests.xctest; sourceTree = BUILT_PRODUCTS_DIR; };
		167828AB2A01801F0088F1CA /* SpeechViewModelDayTests.swift */ = {isa = PBXFileReference; lastKnownFileType = sourcecode.swift; path = SpeechViewModelDayTests.swift; sourceTree = "<group>"; };
		167828B42A041E270088F1CA /* PlayButton.swift */ = {isa = PBXFileReference; lastKnownFileType = sourcecode.swift; path = PlayButton.swift; sourceTree = "<group>"; };
		1680549229D6438300425FD6 /* Info.plist */ = {isa = PBXFileReference; lastKnownFileType = text.plist; path = Info.plist; sourceTree = "<group>"; };
		16D547F12A017B45007068D4 /* SpeechViewModel.swift */ = {isa = PBXFileReference; lastKnownFileType = sourcecode.swift; path = SpeechViewModel.swift; sourceTree = "<group>"; };
		A4716A442A356602003D9BC0 /* TodaysWordView.swift */ = {isa = PBXFileReference; lastKnownFileType = sourcecode.swift; path = TodaysWordView.swift; sourceTree = "<group>"; };
		A47AE2712A3542CF002585F6 /* output.json */ = {isa = PBXFileReference; fileEncoding = 4; lastKnownFileType = text.json; path = output.json; sourceTree = "<group>"; };
		A4D947762A3520F200617CF6 /* Containers.swift */ = {isa = PBXFileReference; lastKnownFileType = sourcecode.swift; path = Containers.swift; sourceTree = "<group>"; };
		A4D947A22A35234500617CF6 /* Word.swift */ = {isa = PBXFileReference; lastKnownFileType = sourcecode.swift; path = Word.swift; sourceTree = "<group>"; };
/* End PBXFileReference section */

/* Begin PBXFrameworksBuildPhase section */
		0C1D655229342164000E667A /* Frameworks */ = {
			isa = PBXFrameworksBuildPhase;
			buildActionMask = 2147483647;
			files = (
				0C29EA67293C48BB00F2C0A7 /* FMDB in Frameworks */,
				0C9DB900299DB8D100E6D4F9 /* SwiftCSV in Frameworks */,
			);
			runOnlyForDeploymentPostprocessing = 0;
		};
		0CB5FE07294D3C0200DED7D8 /* Frameworks */ = {
			isa = PBXFrameworksBuildPhase;
			buildActionMask = 2147483647;
			files = (
			);
			runOnlyForDeploymentPostprocessing = 0;
		};
		167828A62A01801F0088F1CA /* Frameworks */ = {
			isa = PBXFrameworksBuildPhase;
			buildActionMask = 2147483647;
			files = (
			);
			runOnlyForDeploymentPostprocessing = 0;
		};
/* End PBXFrameworksBuildPhase section */

/* Begin PBXGroup section */
		0C0D19E729440FCD007CD72D /* ProjectFonts */ = {
			isa = PBXGroup;
			children = (
				0C0D19F229441471007CD72D /* kaiu.ttf */,
			);
			path = ProjectFonts;
			sourceTree = "<group>";
		};
		0C0D19EB2944106D007CD72D /* BridgingHeaders */ = {
			isa = PBXGroup;
			children = (
				0C29EA68293C4E1D00F2C0A7 /* fmdb-bridging-header.h */,
			);
			path = BridgingHeaders;
			sourceTree = "<group>";
		};
		0C0D19F5294429FB007CD72D /* Views */ = {
			isa = PBXGroup;
			children = (
			);
			path = Views;
			sourceTree = "<group>";
		};
		0C0D19F629442A22007CD72D /* Model */ = {
			isa = PBXGroup;
			children = (
				0CADBC6F299C35AE00A805DD /* WordOfTheDay.xcdatamodeld */,
				0CB5FDF82947DF0900DED7D8 /* RefreshManager.swift */,
				16D547F12A017B45007068D4 /* SpeechViewModel.swift */,
				167828B42A041E270088F1CA /* PlayButton.swift */,
			);
			path = Model;
			sourceTree = "<group>";
		};
		0C88C04F2932EA0E00E17C26 = {
			isa = PBXGroup;
			children = (
				0C88C05B2932EA0F00E17C26 /* ChineseWordOfTheDayApp.swift */,
				A4D947752A351FE000617CF6 /* Support */,
				A4D947742A351FC300617CF6 /* Views */,
				A4D947732A351FB900617CF6 /* Models */,
				0C29EA7E2943F2D700F2C0A7 /* wordOfDayWidgetExtension.entitlements */,
				0CB795312953E432003CEE73 /* Resources */,
				0C0D19EB2944106D007CD72D /* BridgingHeaders */,
				0C88C05A2932EA0E00E17C26 /* ChineseWordOfTheDay */,
				0CB5FE0B294D3C0300DED7D8 /* RefreshManagerUnitTests */,
				167828AA2A01801F0088F1CA /* SpeechViewModelDayTests */,
				0CB207D4293AD56D0066AC21 /* Frameworks */,
				0C88C0592932EA0E00E17C26 /* Products */,
			);
			sourceTree = "<group>";
		};
		0C88C0592932EA0E00E17C26 /* Products */ = {
			isa = PBXGroup;
			children = (
				0C88C0582932EA0E00E17C26 /* ChineseWordOfTheDay.app */,
				0CB5FE0A294D3C0200DED7D8 /* RefreshManagerUnitTests.xctest */,
				167828A92A01801F0088F1CA /* SpeechViewModelDayTests.xctest */,
			);
			name = Products;
			sourceTree = "<group>";
		};
		0C88C05A2932EA0E00E17C26 /* ChineseWordOfTheDay */ = {
			isa = PBXGroup;
			children = (
				1680549229D6438300425FD6 /* Info.plist */,
				0C0D19F629442A22007CD72D /* Model */,
				0C0D19F5294429FB007CD72D /* Views */,
				0C29EA7D2943F02C00F2C0A7 /* ChineseWordOfTheDay.entitlements */,
				0C88C05F2932EA1000E17C26 /* Assets.xcassets */,
				0CD75FFB29A7E84D0078853D /* AppIcon.appiconset */,
				0C88C0612932EA1000E17C26 /* Preview Content */,
			);
			path = ChineseWordOfTheDay;
			sourceTree = "<group>";
		};
		0C88C0612932EA1000E17C26 /* Preview Content */ = {
			isa = PBXGroup;
			children = (
				0C88C0622932EA1000E17C26 /* Preview Assets.xcassets */,
			);
			path = "Preview Content";
			sourceTree = "<group>";
		};
		0CAA71E12A3D283D000FDA84 /* Shared */ = {
			isa = PBXGroup;
			children = (
				0CAA71DE2A3D2836000FDA84 /* GeometryReaderCentered.swift */,
			);
			path = Shared;
			sourceTree = "<group>";
		};
		0CB207D4293AD56D0066AC21 /* Frameworks */ = {
			isa = PBXGroup;
			children = (
				0CB207D5293AD56D0066AC21 /* WidgetKit.framework */,
				0CB207D7293AD56D0066AC21 /* SwiftUI.framework */,
			);
			name = Frameworks;
			sourceTree = "<group>";
		};
		0CB5FE0B294D3C0300DED7D8 /* RefreshManagerUnitTests */ = {
			isa = PBXGroup;
			children = (
				0CB5FE0C294D3C0300DED7D8 /* RefreshManagerUnitTests.swift */,
			);
			path = RefreshManagerUnitTests;
			sourceTree = "<group>";
		};
		0CB795312953E432003CEE73 /* Resources */ = {
			isa = PBXGroup;
			children = (
				A47AE2712A3542CF002585F6 /* output.json */,
				0CADBC74299C61F000A805DD /* pos_and_frequency.csv */,
				0C0D19E729440FCD007CD72D /* ProjectFonts */,
			);
			path = Resources;
			sourceTree = "<group>";
		};
		167828AA2A01801F0088F1CA /* SpeechViewModelDayTests */ = {
			isa = PBXGroup;
			children = (
				167828AB2A01801F0088F1CA /* SpeechViewModelDayTests.swift */,
			);
			path = SpeechViewModelDayTests;
			sourceTree = "<group>";
		};
		A4D947732A351FB900617CF6 /* Models */ = {
			isa = PBXGroup;
			children = (
				A4D947A22A35234500617CF6 /* Word.swift */,
			);
			path = Models;
			sourceTree = "<group>";
		};
		A4D947742A351FC300617CF6 /* Views */ = {
			isa = PBXGroup;
			children = (
				A4716A442A356602003D9BC0 /* TodaysWordView.swift */,
				0CAA71DA2A3D2507000FDA84 /* WordView.swift */,
				0CAA71E12A3D283D000FDA84 /* Shared */,
			);
			path = Views;
			sourceTree = "<group>";
		};
		A4D947752A351FE000617CF6 /* Support */ = {
			isa = PBXGroup;
			children = (
				0CA9DF9E2A393DD50002EB9E /* default.store */,
				A4D947762A3520F200617CF6 /* Containers.swift */,
			);
			path = Support;
			sourceTree = "<group>";
		};
/* End PBXGroup section */

/* Begin PBXNativeTarget section */
		0C88C0572932EA0E00E17C26 /* ChineseWordOfTheDay */ = {
			isa = PBXNativeTarget;
			buildConfigurationList = 0C88C07C2932EA1000E17C26 /* Build configuration list for PBXNativeTarget "ChineseWordOfTheDay" */;
			buildPhases = (
				0C1D65512934215F000E667A /* Sources */,
				0C1D655229342164000E667A /* Frameworks */,
				0C88C0562932EA0E00E17C26 /* Resources */,
				0CB207E4293AD56E0066AC21 /* Embed Foundation Extensions */,
				A4D9479B2A35220600617CF6 /* Embed Frameworks */,
			);
			buildRules = (
			);
			dependencies = (
			);
			name = ChineseWordOfTheDay;
			packageProductDependencies = (
				0C29EA66293C48BB00F2C0A7 /* FMDB */,
				0C9DB8FF299DB8D100E6D4F9 /* SwiftCSV */,
			);
			productName = ChineseWordOfTheDay;
			productReference = 0C88C0582932EA0E00E17C26 /* ChineseWordOfTheDay.app */;
			productType = "com.apple.product-type.application";
		};
		0CB5FE09294D3C0200DED7D8 /* RefreshManagerUnitTests */ = {
			isa = PBXNativeTarget;
			buildConfigurationList = 0CB5FE10294D3C0300DED7D8 /* Build configuration list for PBXNativeTarget "RefreshManagerUnitTests" */;
			buildPhases = (
				0CB5FE06294D3C0200DED7D8 /* Sources */,
				0CB5FE07294D3C0200DED7D8 /* Frameworks */,
				0CB5FE08294D3C0200DED7D8 /* Resources */,
			);
			buildRules = (
			);
			dependencies = (
				0CB5FE0F294D3C0300DED7D8 /* PBXTargetDependency */,
			);
			name = RefreshManagerUnitTests;
			productName = RefreshManagerUnitTests;
			productReference = 0CB5FE0A294D3C0200DED7D8 /* RefreshManagerUnitTests.xctest */;
			productType = "com.apple.product-type.bundle.unit-test";
		};
		167828A82A01801F0088F1CA /* SpeechViewModelDayTests */ = {
			isa = PBXNativeTarget;
			buildConfigurationList = 167828AF2A01801F0088F1CA /* Build configuration list for PBXNativeTarget "SpeechViewModelDayTests" */;
			buildPhases = (
				167828A52A01801F0088F1CA /* Sources */,
				167828A62A01801F0088F1CA /* Frameworks */,
				167828A72A01801F0088F1CA /* Resources */,
			);
			buildRules = (
			);
			dependencies = (
				167828AE2A01801F0088F1CA /* PBXTargetDependency */,
			);
			name = SpeechViewModelDayTests;
			productName = SpeechViewModelDayTests;
			productReference = 167828A92A01801F0088F1CA /* SpeechViewModelDayTests.xctest */;
			productType = "com.apple.product-type.bundle.unit-test";
		};
/* End PBXNativeTarget section */

/* Begin PBXProject section */
		0C88C0502932EA0E00E17C26 /* Project object */ = {
			isa = PBXProject;
			attributes = {
				BuildIndependentTargetsInParallel = 1;
				LastSwiftUpdateCheck = 1500;
				LastUpgradeCheck = 1500;
				TargetAttributes = {
					0C88C0572932EA0E00E17C26 = {
						CreatedOnToolsVersion = 14.0;
					};
					0CB5FE09294D3C0200DED7D8 = {
						CreatedOnToolsVersion = 14.0;
						TestTargetID = 0C88C0572932EA0E00E17C26;
					};
					167828A82A01801F0088F1CA = {
						CreatedOnToolsVersion = 14.2;
						TestTargetID = 0C88C0572932EA0E00E17C26;
					};
				};
			};
			buildConfigurationList = 0C88C0532932EA0E00E17C26 /* Build configuration list for PBXProject "ChineseWordOfTheDay" */;
			compatibilityVersion = "Xcode 14.0";
			developmentRegion = en;
			hasScannedForEncodings = 0;
			knownRegions = (
				en,
				Base,
			);
			mainGroup = 0C88C04F2932EA0E00E17C26;
			packageReferences = (
				0C29EA65293C48BB00F2C0A7 /* XCRemoteSwiftPackageReference "fmdb" */,
				0C9DB8FE299DB8D100E6D4F9 /* XCRemoteSwiftPackageReference "SwiftCSV" */,
			);
			productRefGroup = 0C88C0592932EA0E00E17C26 /* Products */;
			projectDirPath = "";
			projectRoot = "";
			targets = (
				0C88C0572932EA0E00E17C26 /* ChineseWordOfTheDay */,
				0CB5FE09294D3C0200DED7D8 /* RefreshManagerUnitTests */,
				167828A82A01801F0088F1CA /* SpeechViewModelDayTests */,
			);
		};
/* End PBXProject section */

/* Begin PBXResourcesBuildPhase section */
		0C88C0562932EA0E00E17C26 /* Resources */ = {
			isa = PBXResourcesBuildPhase;
			buildActionMask = 2147483647;
			files = (
				0CA9DF9F2A393DD50002EB9E /* default.store in Resources */,
				0C88C0632932EA1000E17C26 /* Preview Assets.xcassets in Resources */,
				0C88C0602932EA1000E17C26 /* Assets.xcassets in Resources */,
				A4716A462A3567C2003D9BC0 /* output.json in Resources */,
				0CADBC75299C61F000A805DD /* pos_and_frequency.csv in Resources */,
				0C0D19F329441627007CD72D /* kaiu.ttf in Resources */,
				0CD75FFC29A7E84D0078853D /* AppIcon.appiconset in Resources */,
			);
			runOnlyForDeploymentPostprocessing = 0;
		};
		0CB5FE08294D3C0200DED7D8 /* Resources */ = {
			isa = PBXResourcesBuildPhase;
			buildActionMask = 2147483647;
			files = (
			);
			runOnlyForDeploymentPostprocessing = 0;
		};
		167828A72A01801F0088F1CA /* Resources */ = {
			isa = PBXResourcesBuildPhase;
			buildActionMask = 2147483647;
			files = (
			);
			runOnlyForDeploymentPostprocessing = 0;
		};
/* End PBXResourcesBuildPhase section */

/* Begin PBXSourcesBuildPhase section */
		0C1D65512934215F000E667A /* Sources */ = {
			isa = PBXSourcesBuildPhase;
			buildActionMask = 2147483647;
			files = (
				A4D947B32A35304C00617CF6 /* Word.swift in Sources */,
				A4716A452A356602003D9BC0 /* TodaysWordView.swift in Sources */,
				167828B52A041E270088F1CA /* PlayButton.swift in Sources */,
				0CAA71DF2A3D2836000FDA84 /* GeometryReaderCentered.swift in Sources */,
				0CADBC71299C35AE00A805DD /* WordOfTheDay.xcdatamodeld in Sources */,
				0C1D655729342177000E667A /* ChineseWordOfTheDayApp.swift in Sources */,
				0CAA71DB2A3D2507000FDA84 /* WordView.swift in Sources */,
				16D547F22A017B45007068D4 /* SpeechViewModel.swift in Sources */,
				A4D947772A3520F200617CF6 /* Containers.swift in Sources */,
				0CC0E78629B7B462005C3ED4 /* RefreshManager.swift in Sources */,
			);
			runOnlyForDeploymentPostprocessing = 0;
		};
		0CB5FE06294D3C0200DED7D8 /* Sources */ = {
			isa = PBXSourcesBuildPhase;
			buildActionMask = 2147483647;
			files = (
				0CB5FE0D294D3C0300DED7D8 /* RefreshManagerUnitTests.swift in Sources */,
				0CB5FE13294D3C2000DED7D8 /* RefreshManager.swift in Sources */,
				0CC0E78529B7B3B0005C3ED4 /* WordOfTheDay.xcdatamodeld in Sources */,
			);
			runOnlyForDeploymentPostprocessing = 0;
		};
		167828A52A01801F0088F1CA /* Sources */ = {
			isa = PBXSourcesBuildPhase;
			buildActionMask = 2147483647;
			files = (
				167828B32A0182610088F1CA /* SpeechViewModel.swift in Sources */,
				167828AC2A01801F0088F1CA /* SpeechViewModelDayTests.swift in Sources */,
			);
			runOnlyForDeploymentPostprocessing = 0;
		};
/* End PBXSourcesBuildPhase section */

/* Begin PBXTargetDependency section */
		0CB5FE0F294D3C0300DED7D8 /* PBXTargetDependency */ = {
			isa = PBXTargetDependency;
			target = 0C88C0572932EA0E00E17C26 /* ChineseWordOfTheDay */;
			targetProxy = 0CB5FE0E294D3C0300DED7D8 /* PBXContainerItemProxy */;
		};
		167828AE2A01801F0088F1CA /* PBXTargetDependency */ = {
			isa = PBXTargetDependency;
			target = 0C88C0572932EA0E00E17C26 /* ChineseWordOfTheDay */;
			targetProxy = 167828AD2A01801F0088F1CA /* PBXContainerItemProxy */;
		};
/* End PBXTargetDependency section */

/* Begin XCBuildConfiguration section */
		0C88C07A2932EA1000E17C26 /* Debug */ = {
			isa = XCBuildConfiguration;
			buildSettings = {
				ALWAYS_SEARCH_USER_PATHS = NO;
				CLANG_ANALYZER_NONNULL = YES;
				CLANG_ANALYZER_NUMBER_OBJECT_CONVERSION = YES_AGGRESSIVE;
				CLANG_CXX_LANGUAGE_STANDARD = "gnu++20";
				CLANG_ENABLE_MODULES = YES;
				CLANG_ENABLE_OBJC_ARC = YES;
				CLANG_ENABLE_OBJC_WEAK = YES;
				CLANG_WARN_BLOCK_CAPTURE_AUTORELEASING = YES;
				CLANG_WARN_BOOL_CONVERSION = YES;
				CLANG_WARN_COMMA = YES;
				CLANG_WARN_CONSTANT_CONVERSION = YES;
				CLANG_WARN_DEPRECATED_OBJC_IMPLEMENTATIONS = YES;
				CLANG_WARN_DIRECT_OBJC_ISA_USAGE = YES_ERROR;
				CLANG_WARN_DOCUMENTATION_COMMENTS = YES;
				CLANG_WARN_EMPTY_BODY = YES;
				CLANG_WARN_ENUM_CONVERSION = YES;
				CLANG_WARN_INFINITE_RECURSION = YES;
				CLANG_WARN_INT_CONVERSION = YES;
				CLANG_WARN_NON_LITERAL_NULL_CONVERSION = YES;
				CLANG_WARN_OBJC_IMPLICIT_RETAIN_SELF = YES;
				CLANG_WARN_OBJC_LITERAL_CONVERSION = YES;
				CLANG_WARN_OBJC_ROOT_CLASS = YES_ERROR;
				CLANG_WARN_QUOTED_INCLUDE_IN_FRAMEWORK_HEADER = YES;
				CLANG_WARN_RANGE_LOOP_ANALYSIS = YES;
				CLANG_WARN_STRICT_PROTOTYPES = YES;
				CLANG_WARN_SUSPICIOUS_MOVE = YES;
				CLANG_WARN_UNGUARDED_AVAILABILITY = YES_AGGRESSIVE;
				CLANG_WARN_UNREACHABLE_CODE = YES;
				CLANG_WARN__DUPLICATE_METHOD_MATCH = YES;
				COPY_PHASE_STRIP = NO;
				DEBUG_INFORMATION_FORMAT = dwarf;
				ENABLE_STRICT_OBJC_MSGSEND = YES;
				ENABLE_TESTABILITY = YES;
				GCC_C_LANGUAGE_STANDARD = gnu11;
				GCC_DYNAMIC_NO_PIC = NO;
				GCC_NO_COMMON_BLOCKS = YES;
				GCC_OPTIMIZATION_LEVEL = 0;
				GCC_PREPROCESSOR_DEFINITIONS = (
					"DEBUG=1",
					"$(inherited)",
				);
				GCC_WARN_64_TO_32_BIT_CONVERSION = YES;
				GCC_WARN_ABOUT_RETURN_TYPE = YES_ERROR;
				GCC_WARN_UNDECLARED_SELECTOR = YES;
				GCC_WARN_UNINITIALIZED_AUTOS = YES_AGGRESSIVE;
				GCC_WARN_UNUSED_FUNCTION = YES;
				GCC_WARN_UNUSED_VARIABLE = YES;
				IPHONEOS_DEPLOYMENT_TARGET = 16.2;
				MTL_ENABLE_DEBUG_INFO = INCLUDE_SOURCE;
				MTL_FAST_MATH = YES;
				ONLY_ACTIVE_ARCH = YES;
				SDKROOT = iphoneos;
				SWIFT_ACTIVE_COMPILATION_CONDITIONS = DEBUG;
				SWIFT_OPTIMIZATION_LEVEL = "-Onone";
			};
			name = Debug;
		};
		0C88C07B2932EA1000E17C26 /* Release */ = {
			isa = XCBuildConfiguration;
			buildSettings = {
				ALWAYS_SEARCH_USER_PATHS = NO;
				CLANG_ANALYZER_NONNULL = YES;
				CLANG_ANALYZER_NUMBER_OBJECT_CONVERSION = YES_AGGRESSIVE;
				CLANG_CXX_LANGUAGE_STANDARD = "gnu++20";
				CLANG_ENABLE_MODULES = YES;
				CLANG_ENABLE_OBJC_ARC = YES;
				CLANG_ENABLE_OBJC_WEAK = YES;
				CLANG_WARN_BLOCK_CAPTURE_AUTORELEASING = YES;
				CLANG_WARN_BOOL_CONVERSION = YES;
				CLANG_WARN_COMMA = YES;
				CLANG_WARN_CONSTANT_CONVERSION = YES;
				CLANG_WARN_DEPRECATED_OBJC_IMPLEMENTATIONS = YES;
				CLANG_WARN_DIRECT_OBJC_ISA_USAGE = YES_ERROR;
				CLANG_WARN_DOCUMENTATION_COMMENTS = YES;
				CLANG_WARN_EMPTY_BODY = YES;
				CLANG_WARN_ENUM_CONVERSION = YES;
				CLANG_WARN_INFINITE_RECURSION = YES;
				CLANG_WARN_INT_CONVERSION = YES;
				CLANG_WARN_NON_LITERAL_NULL_CONVERSION = YES;
				CLANG_WARN_OBJC_IMPLICIT_RETAIN_SELF = YES;
				CLANG_WARN_OBJC_LITERAL_CONVERSION = YES;
				CLANG_WARN_OBJC_ROOT_CLASS = YES_ERROR;
				CLANG_WARN_QUOTED_INCLUDE_IN_FRAMEWORK_HEADER = YES;
				CLANG_WARN_RANGE_LOOP_ANALYSIS = YES;
				CLANG_WARN_STRICT_PROTOTYPES = YES;
				CLANG_WARN_SUSPICIOUS_MOVE = YES;
				CLANG_WARN_UNGUARDED_AVAILABILITY = YES_AGGRESSIVE;
				CLANG_WARN_UNREACHABLE_CODE = YES;
				CLANG_WARN__DUPLICATE_METHOD_MATCH = YES;
				COPY_PHASE_STRIP = NO;
				DEBUG_INFORMATION_FORMAT = "dwarf-with-dsym";
				ENABLE_NS_ASSERTIONS = NO;
				ENABLE_STRICT_OBJC_MSGSEND = YES;
				GCC_C_LANGUAGE_STANDARD = gnu11;
				GCC_NO_COMMON_BLOCKS = YES;
				GCC_WARN_64_TO_32_BIT_CONVERSION = YES;
				GCC_WARN_ABOUT_RETURN_TYPE = YES_ERROR;
				GCC_WARN_UNDECLARED_SELECTOR = YES;
				GCC_WARN_UNINITIALIZED_AUTOS = YES_AGGRESSIVE;
				GCC_WARN_UNUSED_FUNCTION = YES;
				GCC_WARN_UNUSED_VARIABLE = YES;
				IPHONEOS_DEPLOYMENT_TARGET = 16.2;
				MTL_ENABLE_DEBUG_INFO = NO;
				MTL_FAST_MATH = YES;
				SDKROOT = iphoneos;
				SWIFT_COMPILATION_MODE = wholemodule;
				SWIFT_OPTIMIZATION_LEVEL = "-O";
				VALIDATE_PRODUCT = YES;
			};
			name = Release;
		};
		0C88C07D2932EA1000E17C26 /* Debug */ = {
			isa = XCBuildConfiguration;
			buildSettings = {
				ALWAYS_EMBED_SWIFT_STANDARD_LIBRARIES = YES;
				ASSETCATALOG_COMPILER_APPICON_NAME = AppIcon;
				ASSETCATALOG_COMPILER_GLOBAL_ACCENT_COLOR_NAME = AccentColor;
				CODE_SIGN_ENTITLEMENTS = ChineseWordOfTheDay/ChineseWordOfTheDay.entitlements;
				CODE_SIGN_STYLE = Automatic;
				CURRENT_PROJECT_VERSION = 1;
				DEVELOPMENT_ASSET_PATHS = "\"ChineseWordOfTheDay/Preview Content\"";
				DEVELOPMENT_TEAM = SU6X47WC59;
				ENABLE_PREVIEWS = YES;
				GENERATE_INFOPLIST_FILE = YES;
				INFOPLIST_FILE = ChineseWordOfTheDay/Info.plist;
				INFOPLIST_KEY_CFBundleDisplayName = Waabl;
				INFOPLIST_KEY_LSApplicationCategoryType = "public.app-category.education";
				INFOPLIST_KEY_UIApplicationSupportsIndirectInputEvents = YES;
				INFOPLIST_KEY_UILaunchScreen_Generation = YES;
				INFOPLIST_KEY_UISupportedInterfaceOrientations_iPad = "UIInterfaceOrientationPortrait UIInterfaceOrientationPortraitUpsideDown UIInterfaceOrientationLandscapeLeft UIInterfaceOrientationLandscapeRight";
				INFOPLIST_KEY_UISupportedInterfaceOrientations_iPhone = "UIInterfaceOrientationPortrait UIInterfaceOrientationLandscapeLeft UIInterfaceOrientationLandscapeRight";
				IPHONEOS_DEPLOYMENT_TARGET = 17.0;
				LD_RUNPATH_SEARCH_PATHS = (
					"$(inherited)",
					"@executable_path/Frameworks",
				);
				MARKETING_VERSION = 1.0;
				PRODUCT_BUNDLE_IDENTIFIER = matthedm.ChineseWordOfTheDay;
				PRODUCT_NAME = "$(TARGET_NAME)";
				SWIFT_EMIT_LOC_STRINGS = YES;
				SWIFT_VERSION = 5.0;
				TARGETED_DEVICE_FAMILY = "1,2";
			};
			name = Debug;
		};
		0C88C07E2932EA1000E17C26 /* Release */ = {
			isa = XCBuildConfiguration;
			buildSettings = {
				ALWAYS_EMBED_SWIFT_STANDARD_LIBRARIES = YES;
				ASSETCATALOG_COMPILER_APPICON_NAME = AppIcon;
				ASSETCATALOG_COMPILER_GLOBAL_ACCENT_COLOR_NAME = AccentColor;
				CODE_SIGN_ENTITLEMENTS = ChineseWordOfTheDay/ChineseWordOfTheDay.entitlements;
				CODE_SIGN_STYLE = Automatic;
				CURRENT_PROJECT_VERSION = 1;
				DEVELOPMENT_ASSET_PATHS = "\"ChineseWordOfTheDay/Preview Content\"";
				DEVELOPMENT_TEAM = SU6X47WC59;
				ENABLE_PREVIEWS = YES;
				GENERATE_INFOPLIST_FILE = YES;
				INFOPLIST_FILE = ChineseWordOfTheDay/Info.plist;
				INFOPLIST_KEY_CFBundleDisplayName = Waabl;
				INFOPLIST_KEY_LSApplicationCategoryType = "public.app-category.education";
				INFOPLIST_KEY_UIApplicationSupportsIndirectInputEvents = YES;
				INFOPLIST_KEY_UILaunchScreen_Generation = YES;
				INFOPLIST_KEY_UISupportedInterfaceOrientations_iPad = "UIInterfaceOrientationPortrait UIInterfaceOrientationPortraitUpsideDown UIInterfaceOrientationLandscapeLeft UIInterfaceOrientationLandscapeRight";
				INFOPLIST_KEY_UISupportedInterfaceOrientations_iPhone = "UIInterfaceOrientationPortrait UIInterfaceOrientationLandscapeLeft UIInterfaceOrientationLandscapeRight";
				IPHONEOS_DEPLOYMENT_TARGET = 17.0;
				LD_RUNPATH_SEARCH_PATHS = (
					"$(inherited)",
					"@executable_path/Frameworks",
				);
				MARKETING_VERSION = 1.0;
				PRODUCT_BUNDLE_IDENTIFIER = matthedm.ChineseWordOfTheDay;
				PRODUCT_NAME = "$(TARGET_NAME)";
				SWIFT_EMIT_LOC_STRINGS = YES;
				SWIFT_VERSION = 5.0;
				TARGETED_DEVICE_FAMILY = "1,2";
			};
			name = Release;
		};
		0CB5FE11294D3C0300DED7D8 /* Debug */ = {
			isa = XCBuildConfiguration;
			buildSettings = {
				BUNDLE_LOADER = "$(TEST_HOST)";
				CODE_SIGN_STYLE = Automatic;
				CURRENT_PROJECT_VERSION = 1;
				DEVELOPMENT_TEAM = SU6X47WC59;
				GENERATE_INFOPLIST_FILE = YES;
				IPHONEOS_DEPLOYMENT_TARGET = 17.0;
				MARKETING_VERSION = 1.0;
				PRODUCT_BUNDLE_IDENTIFIER = matthedm.RefreshManagerUnitTests;
				PRODUCT_NAME = "$(TARGET_NAME)";
				SWIFT_EMIT_LOC_STRINGS = NO;
				SWIFT_VERSION = 5.0;
				TARGETED_DEVICE_FAMILY = "1,2";
				TEST_HOST = "$(BUILT_PRODUCTS_DIR)/ChineseWordOfTheDay.app/$(BUNDLE_EXECUTABLE_FOLDER_PATH)/ChineseWordOfTheDay";
			};
			name = Debug;
		};
		0CB5FE12294D3C0300DED7D8 /* Release */ = {
			isa = XCBuildConfiguration;
			buildSettings = {
				BUNDLE_LOADER = "$(TEST_HOST)";
				CODE_SIGN_STYLE = Automatic;
				CURRENT_PROJECT_VERSION = 1;
				DEVELOPMENT_TEAM = SU6X47WC59;
				GENERATE_INFOPLIST_FILE = YES;
				IPHONEOS_DEPLOYMENT_TARGET = 17.0;
				MARKETING_VERSION = 1.0;
				PRODUCT_BUNDLE_IDENTIFIER = matthedm.RefreshManagerUnitTests;
				PRODUCT_NAME = "$(TARGET_NAME)";
				SWIFT_EMIT_LOC_STRINGS = NO;
				SWIFT_VERSION = 5.0;
				TARGETED_DEVICE_FAMILY = "1,2";
				TEST_HOST = "$(BUILT_PRODUCTS_DIR)/ChineseWordOfTheDay.app/$(BUNDLE_EXECUTABLE_FOLDER_PATH)/ChineseWordOfTheDay";
			};
			name = Release;
		};
		167828B02A01801F0088F1CA /* Debug */ = {
			isa = XCBuildConfiguration;
			buildSettings = {
				BUNDLE_LOADER = "$(TEST_HOST)";
				CODE_SIGN_STYLE = Automatic;
				CURRENT_PROJECT_VERSION = 1;
				DEVELOPMENT_TEAM = SU6X47WC59;
				GENERATE_INFOPLIST_FILE = YES;
				IPHONEOS_DEPLOYMENT_TARGET = 17.0;
				MARKETING_VERSION = 1.0;
				PRODUCT_BUNDLE_IDENTIFIER = matthedm.SpeechViewModelDayTests;
				PRODUCT_NAME = "$(TARGET_NAME)";
				SWIFT_EMIT_LOC_STRINGS = NO;
				SWIFT_VERSION = 5.0;
				TARGETED_DEVICE_FAMILY = "1,2";
				TEST_HOST = "$(BUILT_PRODUCTS_DIR)/ChineseWordOfTheDay.app/$(BUNDLE_EXECUTABLE_FOLDER_PATH)/ChineseWordOfTheDay";
			};
			name = Debug;
		};
		167828B12A01801F0088F1CA /* Release */ = {
			isa = XCBuildConfiguration;
			buildSettings = {
				BUNDLE_LOADER = "$(TEST_HOST)";
				CODE_SIGN_STYLE = Automatic;
				CURRENT_PROJECT_VERSION = 1;
				DEVELOPMENT_TEAM = SU6X47WC59;
				GENERATE_INFOPLIST_FILE = YES;
				IPHONEOS_DEPLOYMENT_TARGET = 17.0;
				MARKETING_VERSION = 1.0;
				PRODUCT_BUNDLE_IDENTIFIER = matthedm.SpeechViewModelDayTests;
				PRODUCT_NAME = "$(TARGET_NAME)";
				SWIFT_EMIT_LOC_STRINGS = NO;
				SWIFT_VERSION = 5.0;
				TARGETED_DEVICE_FAMILY = "1,2";
				TEST_HOST = "$(BUILT_PRODUCTS_DIR)/ChineseWordOfTheDay.app/$(BUNDLE_EXECUTABLE_FOLDER_PATH)/ChineseWordOfTheDay";
			};
			name = Release;
		};
/* End XCBuildConfiguration section */

/* Begin XCConfigurationList section */
		0C88C0532932EA0E00E17C26 /* Build configuration list for PBXProject "ChineseWordOfTheDay" */ = {
			isa = XCConfigurationList;
			buildConfigurations = (
				0C88C07A2932EA1000E17C26 /* Debug */,
				0C88C07B2932EA1000E17C26 /* Release */,
			);
			defaultConfigurationIsVisible = 0;
			defaultConfigurationName = Release;
		};
		0C88C07C2932EA1000E17C26 /* Build configuration list for PBXNativeTarget "ChineseWordOfTheDay" */ = {
			isa = XCConfigurationList;
			buildConfigurations = (
				0C88C07D2932EA1000E17C26 /* Debug */,
				0C88C07E2932EA1000E17C26 /* Release */,
			);
			defaultConfigurationIsVisible = 0;
			defaultConfigurationName = Release;
		};
		0CB5FE10294D3C0300DED7D8 /* Build configuration list for PBXNativeTarget "RefreshManagerUnitTests" */ = {
			isa = XCConfigurationList;
			buildConfigurations = (
				0CB5FE11294D3C0300DED7D8 /* Debug */,
				0CB5FE12294D3C0300DED7D8 /* Release */,
			);
			defaultConfigurationIsVisible = 0;
			defaultConfigurationName = Release;
		};
		167828AF2A01801F0088F1CA /* Build configuration list for PBXNativeTarget "SpeechViewModelDayTests" */ = {
			isa = XCConfigurationList;
			buildConfigurations = (
				167828B02A01801F0088F1CA /* Debug */,
				167828B12A01801F0088F1CA /* Release */,
			);
			defaultConfigurationIsVisible = 0;
			defaultConfigurationName = Release;
		};
/* End XCConfigurationList section */

/* Begin XCRemoteSwiftPackageReference section */
		0C29EA65293C48BB00F2C0A7 /* XCRemoteSwiftPackageReference "fmdb" */ = {
			isa = XCRemoteSwiftPackageReference;
			repositoryURL = "https://github.com/ccgus/fmdb";
			requirement = {
				branch = master;
				kind = branch;
			};
		};
		0C9DB8FE299DB8D100E6D4F9 /* XCRemoteSwiftPackageReference "SwiftCSV" */ = {
			isa = XCRemoteSwiftPackageReference;
			repositoryURL = "https://github.com/swiftcsv/SwiftCSV";
			requirement = {
				kind = upToNextMajorVersion;
				minimumVersion = 0.8.1;
			};
		};
/* End XCRemoteSwiftPackageReference section */

/* Begin XCSwiftPackageProductDependency section */
		0C29EA66293C48BB00F2C0A7 /* FMDB */ = {
			isa = XCSwiftPackageProductDependency;
			package = 0C29EA65293C48BB00F2C0A7 /* XCRemoteSwiftPackageReference "fmdb" */;
			productName = FMDB;
		};
		0C9DB8FF299DB8D100E6D4F9 /* SwiftCSV */ = {
			isa = XCSwiftPackageProductDependency;
			package = 0C9DB8FE299DB8D100E6D4F9 /* XCRemoteSwiftPackageReference "SwiftCSV" */;
			productName = SwiftCSV;
		};
/* End XCSwiftPackageProductDependency section */

/* Begin XCVersionGroup section */
		0CADBC6F299C35AE00A805DD /* WordOfTheDay.xcdatamodeld */ = {
			isa = XCVersionGroup;
			children = (
				0CADBC70299C35AE00A805DD /* Model.xcdatamodel */,
			);
			currentVersion = 0CADBC70299C35AE00A805DD /* Model.xcdatamodel */;
			path = WordOfTheDay.xcdatamodeld;
			sourceTree = "<group>";
			versionGroupType = wrapper.xcdatamodel;
		};
/* End XCVersionGroup section */
	};
	rootObject = 0C88C0502932EA0E00E17C26 /* Project object */;
}
